// !$*UTF8*$!
{
	archiveVersion = 1;
	classes = {
	};
	objectVersion = 77;
	objects = {

/* Begin PBXBuildFile section */
		0017D1C3E352F93536FA77DB /* CharacterLabModels.swift in Sources */ = {isa = PBXBuildFile; fileRef = 5C85B39767AF954D9B81E054 /* CharacterLabModels.swift */; };
		06E798EDA56CD88508CD1E1F /* SetDesignView.swift in Sources */ = {isa = PBXBuildFile; fileRef = 060680BA1A3ED603EC9C8946 /* SetDesignView.swift */; };
		07C78D13878C11E09A635A58 /* ThemeTrackerView.swift in Sources */ = {isa = PBXBuildFile; fileRef = BE65ACD8BAF2B949ED3050CC /* ThemeTrackerView.swift */; };
		07F7A27D0390ED99C0C9D619 /* StoryForgeView.swift in Sources */ = {isa = PBXBuildFile; fileRef = 8A5B3CAC4CC561CCA2792ED4 /* StoryForgeView.swift */; };
		09DAA95FB53A52DBB819697E /* SidebarView.swift in Sources */ = {isa = PBXBuildFile; fileRef = 76759068CF8F2E06FCC18D90 /* SidebarView.swift */; };
		0A25B10019A8C0BEC9BA70F5 /* HomeView.swift in Sources */ = {isa = PBXBuildFile; fileRef = 1E6397C9F24ED3AE8DD1E653 /* HomeView.swift */; };
		0DBAE2E3CDA39893DC4F2086 /* SceneBuilderModels.swift in Sources */ = {isa = PBXBuildFile; fileRef = 9700253081D8DBAC4AC82AA1 /* SceneBuilderModels.swift */; };
		0F638C7CC82E644DCDA8D262 /* TimelineView.swift in Sources */ = {isa = PBXBuildFile; fileRef = ACB02EB9477D860FFB55C7F7 /* TimelineView.swift */; };
		146F05F4C74FF53B68DF5A9E /* CharacterLabViewModel.swift in Sources */ = {isa = PBXBuildFile; fileRef = 91907C76B1873FB713267A5F /* CharacterLabViewModel.swift */; };
		1CAE90A82823961B280470D1 /* LoadingVideoView.swift in Sources */ = {isa = PBXBuildFile; fileRef = 32550784872640D6731AC0FC /* LoadingVideoView.swift */; };
		1E792C6BA48ADBFB04E6951F /* SceneBuilderView.swift in Sources */ = {isa = PBXBuildFile; fileRef = 790CC7A590B10A287972B40D /* SceneBuilderView.swift */; };
		26599A213BC21B0E8618A40E /* MoodboardViewModel.swift in Sources */ = {isa = PBXBuildFile; fileRef = 0361BCE948AD47C332631272 /* MoodboardViewModel.swift */; };
		2B40DCC3D168B521C02E80DE /* FalaiSceneRenderService.swift in Sources */ = {isa = PBXBuildFile; fileRef = EAE3DD5660C2C61E4DF8390B /* FalaiSceneRenderService.swift */; };
		2FBA0DA860705BED71D3BACE /* BuildInfo.swift in Sources */ = {isa = PBXBuildFile; fileRef = A615C770E8420ADF38B415CA /* BuildInfo.swift */; };
		334FEBDB4E0B84DDA499491E /* WelcomeContent.swift in Sources */ = {isa = PBXBuildFile; fileRef = BB8E9047CA329A13E4D3268D /* WelcomeContent.swift */; };
		38F5678955E1E6C55317BD36 /* CharacterLabView.swift in Sources */ = {isa = PBXBuildFile; fileRef = 6CE0D300525A353DFC8A7819 /* CharacterLabView.swift */; };
		3A36013CB46D6547BCA0BD5E /* CutSuggestionsList.swift in Sources */ = {isa = PBXBuildFile; fileRef = 3A731252C8E8E5A82BCA59C1 /* CutSuggestionsList.swift */; };
		3BA13E8772A2A74602B0FA43 /* MoodboardCanvasItem.swift in Sources */ = {isa = PBXBuildFile; fileRef = 589E8A75D1FE1394DD757DDA /* MoodboardCanvasItem.swift */; };
		41593C4F838B92F21B4AA708 /* NewCharacterSheet.swift in Sources */ = {isa = PBXBuildFile; fileRef = 69149F2885DA454FF7A556BA /* NewCharacterSheet.swift */; };
		47B5E59CE3FC32F19D360967 /* AppDelegate.swift in Sources */ = {isa = PBXBuildFile; fileRef = 7ED7E2B08BF06A9F245DAE9B /* AppDelegate.swift */; };
		4833B6242B6A083C5D7F1086 /* loading.mp4 in Resources */ = {isa = PBXBuildFile; fileRef = B3ACF814905BB1165531D1BB /* loading.mp4 */; };
		4AECCF9BEA20FD8B8A4498B9 /* MotionControlsPanel.swift in Sources */ = {isa = PBXBuildFile; fileRef = 487946A99EA11ADD0391DB89 /* MotionControlsPanel.swift */; };
		4BCE350DE8B48A6C08781168 /* Theme.swift in Sources */ = {isa = PBXBuildFile; fileRef = 557F7455FFC01965AA7A316D /* Theme.swift */; };
		4F8044B155E5D22358C13BFC /* CharacterStore.swift in Sources */ = {isa = PBXBuildFile; fileRef = 7FE9F0D8CDED5AB9341FBD40 /* CharacterStore.swift */; };
		553C7B428327C9AB418FBB3C /* StoryboardStore.swift in Sources */ = {isa = PBXBuildFile; fileRef = 255692AA3FF39F06974AE381 /* StoryboardStore.swift */; };
		58CD94E4EDA7B0EB2E3976F6 /* StoryboardModels.swift in Sources */ = {isa = PBXBuildFile; fileRef = 07818DA4D68E9F90EB249D2E /* StoryboardModels.swift */; };
		5CC7BE0D08F46B9D9100A3BE /* MoodboardStore.swift in Sources */ = {isa = PBXBuildFile; fileRef = 9EF0138F5AD9C4F8E56EFAC4 /* MoodboardStore.swift */; };
		5E1BE91159940F113396A392 /* CharacterWizardSheet.swift in Sources */ = {isa = PBXBuildFile; fileRef = 0F9018E7021AEB146791BAA3 /* CharacterWizardSheet.swift */; };
		616FF3ADDB80DA670B732060 /* VideoRendererModels.swift in Sources */ = {isa = PBXBuildFile; fileRef = D438C0B50BCB131567E223E7 /* VideoRendererModels.swift */; };
		6286C73BBF265F8C449F7734 /* StoryboardComposerView.swift in Sources */ = {isa = PBXBuildFile; fileRef = 97EB975664FE681100B93DF7 /* StoryboardComposerView.swift */; };
		64E06B9583338A0F0FC50D0D /* PhotoshopBridge.swift in Sources */ = {isa = PBXBuildFile; fileRef = 23965040C72EB12F9D67D082 /* PhotoshopBridge.swift */; };
		6619014A4682241661AAE757 /* MovieBlazeApp.swift in Sources */ = {isa = PBXBuildFile; fileRef = 68DEF5552DCBE1E4C5352EE6 /* MovieBlazeApp.swift */; };
		6631E17BEA36C4E978A3D71E /* RecentProjectCard.swift in Sources */ = {isa = PBXBuildFile; fileRef = 532B43BE89B448338D913CBA /* RecentProjectCard.swift */; };
		67B99DC2320479319DD1A7B7 /* StoryForgeViewModel.swift in Sources */ = {isa = PBXBuildFile; fileRef = 7DBD3D60C4F98BE7E557FF39 /* StoryForgeViewModel.swift */; };
		685F6EA3273DB161940A4408 /* PlaceholderView.swift in Sources */ = {isa = PBXBuildFile; fileRef = D9853233341AACB1CB9A71CD /* PlaceholderView.swift */; };
		6DADB0E129F26DEE5F252D79 /* HomeComponents.swift in Sources */ = {isa = PBXBuildFile; fileRef = D202A7239C33290199AE8215 /* HomeComponents.swift */; };
		6FC58EAB8A71A3BB01513ED7 /* SceneStore.swift in Sources */ = {isa = PBXBuildFile; fileRef = F53F490D26233235CF96DE56 /* SceneStore.swift */; };
		767B0683BE78280E6F860807 /* AssetDetailPanel.swift in Sources */ = {isa = PBXBuildFile; fileRef = 51EF76E034C4C55BC5F4DCD6 /* AssetDetailPanel.swift */; };
		77EC430EAAA168D6E6C64E27 /* StoryForgeModels.swift in Sources */ = {isa = PBXBuildFile; fileRef = 59E2D7FEDA09CE2E33D0C66B /* StoryForgeModels.swift */; };
		7C9AA5FBB9F570A879CC528F /* StoryboardComposerViewModel.swift in Sources */ = {isa = PBXBuildFile; fileRef = 6E0905FB0E298DD8FC1CD23E /* StoryboardComposerViewModel.swift */; };
		80696CE5707EC736347F2AA0 /* VideoRendererViewModel.swift in Sources */ = {isa = PBXBuildFile; fileRef = 265623AA8D68BC8CA43528BC /* VideoRendererViewModel.swift */; };
		807FBBA7CD985F88EBE6A545 /* ExportsView.swift in Sources */ = {isa = PBXBuildFile; fileRef = 7230A353C5DEF12E3E1B7E76 /* ExportsView.swift */; };
		86B584AC8302EA5553754515 /* AssetGridView.swift in Sources */ = {isa = PBXBuildFile; fileRef = 9163453FD13E37DC54D80580 /* AssetGridView.swift */; };
		86C65B51BAC127E8DC6EE615 /* AssetLibraryViewModel.swift in Sources */ = {isa = PBXBuildFile; fileRef = 4396AF3B65CB2C741B89C536 /* AssetLibraryViewModel.swift */; };
		8BD77850EE9A5B52692C4859 /* StoryboardPanelCard.swift in Sources */ = {isa = PBXBuildFile; fileRef = 12DB8BDF8CA3958600A7C9AB /* StoryboardPanelCard.swift */; };
		9221C9080653A0D5CA7C9928 /* VideoRendererView.swift in Sources */ = {isa = PBXBuildFile; fileRef = ABFA92A081040832E1DEBAFC /* VideoRendererView.swift */; };
		9222187CA48DCAC3ED52B8FD /* ExportTargetCard.swift in Sources */ = {isa = PBXBuildFile; fileRef = 9D42572AB4278A3CA326C1A8 /* ExportTargetCard.swift */; };
		953AAA99DD9569F20B5C4289 /* AssetLibraryModels.swift in Sources */ = {isa = PBXBuildFile; fileRef = 8C7F45B899AFD3BEA1B3CBC9 /* AssetLibraryModels.swift */; };
		9570F1EEAA1C0848A26C164B /* LauncherView.swift in Sources */ = {isa = PBXBuildFile; fileRef = 63CD89B8598C5745F0CCE575 /* LauncherView.swift */; };
		99B4C59FA1927C3EC94F7106 /* FinalizedCharacterView.swift in Sources */ = {isa = PBXBuildFile; fileRef = A9EA3FD42B31F9B1E146D11C /* FinalizedCharacterView.swift */; };
		9D31C7DCE00C51EBF4DFFE36 /* AssetStore.swift in Sources */ = {isa = PBXBuildFile; fileRef = C81BA59EAF7CADB87B92F208 /* AssetStore.swift */; };
		9E05AC0967EEB5E4FB69F6D3 /* StoryForgePanels.swift in Sources */ = {isa = PBXBuildFile; fileRef = 5A1FF04F9363B5B3CAD0DD83 /* StoryForgePanels.swift */; };
		9F94F5947A4AFA51020E410D /* FalaiClient.swift in Sources */ = {isa = PBXBuildFile; fileRef = A43D4DC675E811A3DFED55B7 /* FalaiClient.swift */; };
		9FF609CCAB74F739D071AFF5 /* CharacterBuilderView.swift in Sources */ = {isa = PBXBuildFile; fileRef = 3676ABAAFB3C8BC9D4EBDF61 /* CharacterBuilderView.swift */; };
		A29C5E6C224459FD10F164EE /* StoryStore.swift in Sources */ = {isa = PBXBuildFile; fileRef = 1DC3B252001C630E7DDC279E /* StoryStore.swift */; };
		A3FB5C948FE28081C4FFBB3A /* Models.swift in Sources */ = {isa = PBXBuildFile; fileRef = FFCC80BEE94CE861EA8A4E0B /* Models.swift */; };
		A4093D47197AEE2E6ED97543 /* PremiereXMLExporter.swift in Sources */ = {isa = PBXBuildFile; fileRef = 26B226C5582A3EE167B16A6B /* PremiereXMLExporter.swift */; };
		A51C7836BCAEF9C62E51D1B1 /* SceneBreakdownView.swift in Sources */ = {isa = PBXBuildFile; fileRef = BE55D61280830B4F56DC4A89 /* SceneBreakdownView.swift */; };
		A90C421F76736620129E5516 /* ReferenceSheetView.swift in Sources */ = {isa = PBXBuildFile; fileRef = 6FDF8900D1EB67AD5FFD1038 /* ReferenceSheetView.swift */; };
		B3F24A87DD7CB8968FE50BC1 /* AssetLibraryView.swift in Sources */ = {isa = PBXBuildFile; fileRef = 7169227446C80046BF27DC59 /* AssetLibraryView.swift */; };
		B478133DB97DCF599EB3632C /* SetPiecePromptPanel.swift in Sources */ = {isa = PBXBuildFile; fileRef = 256A9ECD4EC64DB3016EDBB8 /* SetPiecePromptPanel.swift */; };
		B920C9190B7EE3B61448F159 /* PremiereExportSettings.swift in Sources */ = {isa = PBXBuildFile; fileRef = 6C2B1849A09A925BD5F786E9 /* PremiereExportSettings.swift */; };
		BC774BAB2B8908B2F9A75791 /* ExportsModels.swift in Sources */ = {isa = PBXBuildFile; fileRef = 10F2860DA7BEBD39382CC396 /* ExportsModels.swift */; };
		BDEA6B45C1C7A14C9382FEAB /* MoodboardModels.swift in Sources */ = {isa = PBXBuildFile; fileRef = 1858E9AF31C3B92540075837 /* MoodboardModels.swift */; };
		BF31982E3D4B6D96A3B0FA7F /* ShotLibraryView.swift in Sources */ = {isa = PBXBuildFile; fileRef = DF9B9FAC577D9FF082CC850D /* ShotLibraryView.swift */; };
		C30B54B91EB18088BE87A69C /* VideoStore.swift in Sources */ = {isa = PBXBuildFile; fileRef = F2A9D4321B8EB3C1A93D22C1 /* VideoStore.swift */; };
		C6484B66E03FE159F2369AF9 /* MoodboardView.swift in Sources */ = {isa = PBXBuildFile; fileRef = 67E2562501968B81FEBE4ED6 /* MoodboardView.swift */; };
		CA21C7978697B4676056AA1F /* PremiereStillRenderer.swift in Sources */ = {isa = PBXBuildFile; fileRef = AC5CF27F6A14B395A67CBF61 /* PremiereStillRenderer.swift */; };
		CAC306CAE8038BFB41971A98 /* SetDesignViewModel.swift in Sources */ = {isa = PBXBuildFile; fileRef = D1E3D7DB0F1665A21F32B07D /* SetDesignViewModel.swift */; };
		CC5CF07CB7285F84C7CF8493 /* Assets.xcassets in Resources */ = {isa = PBXBuildFile; fileRef = A257DD4F9E660BE9793F14FE /* Assets.xcassets */; };
		CE9C9FEF6B79A25492973091 /* PanelDetailEditor.swift in Sources */ = {isa = PBXBuildFile; fileRef = 5DE8AE806454D07A2D2526CA /* PanelDetailEditor.swift */; };
		CEC43CA51731C055693BA9CF /* SetPieceCard.swift in Sources */ = {isa = PBXBuildFile; fileRef = B0796BCF027E1CDCCFFC6024 /* SetPieceCard.swift */; };
		CFCAADD3D3C032CB1ACB2C2C /* SceneBuilderViewModel.swift in Sources */ = {isa = PBXBuildFile; fileRef = BBDEC2683631A214E1CE9E27 /* SceneBuilderViewModel.swift */; };
		D1656BCB79978EFAA6D40A8B /* KeychainStore.swift in Sources */ = {isa = PBXBuildFile; fileRef = 7B61F126F20D1EEC2EE4BAF1 /* KeychainStore.swift */; };
		D3FAA51AD8B7F31D0C2381F4 /* SceneCanvasView.swift in Sources */ = {isa = PBXBuildFile; fileRef = 2B89B3DCD47A1CB81FAFEA99 /* SceneCanvasView.swift */; };
		D45E8A2D169622A3EC1DD9F6 /* RootView.swift in Sources */ = {isa = PBXBuildFile; fileRef = 85A4530F5AB5E6DCDB635C61 /* RootView.swift */; };
		D5212637F14B6ABD919BBE96 /* FalaiSetPieceService.swift in Sources */ = {isa = PBXBuildFile; fileRef = F342B369AEFE6B6474A98720 /* FalaiSetPieceService.swift */; };
		D577A448944DCFC825A9662B /* CharacterGenerationService.swift in Sources */ = {isa = PBXBuildFile; fileRef = 0872D9805A415E8268579FE7 /* CharacterGenerationService.swift */; };
		DCE6A53FCC91BE70A12DB813 /* CollapsiblePane.swift in Sources */ = {isa = PBXBuildFile; fileRef = 531F81FCB48D80FAA0A34132 /* CollapsiblePane.swift */; };
		DF7D5C87E96EF3790A8E9D0E /* RhythmPlannerView.swift in Sources */ = {isa = PBXBuildFile; fileRef = 3EB0F4A31DCA4E5F26926E51 /* RhythmPlannerView.swift */; };
		E10FDFDD7E917EBEBE82198C /* ScenePanelsView.swift in Sources */ = {isa = PBXBuildFile; fileRef = 2BBD72237DC0E09D6CB30AF7 /* ScenePanelsView.swift */; };
		E1F53039CD99CD18DAFC568A /* SetDesignModels.swift in Sources */ = {isa = PBXBuildFile; fileRef = 265D9E64EB3C045C3713DF93 /* SetDesignModels.swift */; };
		E28A559FD65900D11C4675B3 /* StoryboardPanelsGridView.swift in Sources */ = {isa = PBXBuildFile; fileRef = 29A24522A68B292E1A9CEE72 /* StoryboardPanelsGridView.swift */; };
		E2E3BB5B2EDDFC9182066F62 /* ExportHistoryList.swift in Sources */ = {isa = PBXBuildFile; fileRef = A513C63714A94F2CF8C978D2 /* ExportHistoryList.swift */; };
		E7E7CDF11421DB96FBC9AF99 /* StoryForgeHelperPanel.swift in Sources */ = {isa = PBXBuildFile; fileRef = E8E16F3D76AA0D4E9CEFFB5D /* StoryForgeHelperPanel.swift */; };
		EEF8984FF267CBFBC95A3F60 /* StoryStructureView.swift in Sources */ = {isa = PBXBuildFile; fileRef = E0074D8CFCA3806C34AD6C6E /* StoryStructureView.swift */; };
		EF7C4833979E2525E7EC8BE9 /* StoryboardHelperPanel.swift in Sources */ = {isa = PBXBuildFile; fileRef = FA59981C8C4EA65F2F88822D /* StoryboardHelperPanel.swift */; };
		F04899C3BD48091D08727A55 /* AnthropicClient.swift in Sources */ = {isa = PBXBuildFile; fileRef = 1B61C8AFB8A078F711067ED1 /* AnthropicClient.swift */; };
		F1179E9398605BAC938947B9 /* ExportsViewModel.swift in Sources */ = {isa = PBXBuildFile; fileRef = C34AE7A5A4ED209DDEFA3324 /* ExportsViewModel.swift */; };
		F70FFA9DCCBBAB4AF4610AAE /* CharacterWorkspaceView.swift in Sources */ = {isa = PBXBuildFile; fileRef = E09938CED6EEC08DD58EE0F5 /* CharacterWorkspaceView.swift */; };
		F88132523E243486D86281D7 /* AppSettings.swift in Sources */ = {isa = PBXBuildFile; fileRef = C8EEE8014BA61972C34BA273 /* AppSettings.swift */; };
		F8D5CE2F5277E4E2FCFBB83B /* StoryboardDetailsView.swift in Sources */ = {isa = PBXBuildFile; fileRef = A099DB2271B3BDF5870804FD /* StoryboardDetailsView.swift */; };
		F93F34A905EBF7A3DA8BC0A7 /* SetDesignStore.swift in Sources */ = {isa = PBXBuildFile; fileRef = D7E94C23EE73FCD9929FCA17 /* SetDesignStore.swift */; };
		FFE8A53C73CEF09379EB0B73 /* PreferencesView.swift in Sources */ = {isa = PBXBuildFile; fileRef = 27C99AC2666CB93197FC7271 /* PreferencesView.swift */; };
		5E70C501010101010101AA01 /* SetPieceSuggestionService.swift in Sources */ = {isa = PBXBuildFile; fileRef = 5E70C501010101010101AA02 /* SetPieceSuggestionService.swift */; };
		5E70C501010101010101AA03 /* SetDesignWizardSheet.swift in Sources */ = {isa = PBXBuildFile; fileRef = 5E70C501010101010101AA04 /* SetDesignWizardSheet.swift */; };
/* End PBXBuildFile section */

/* Begin PBXFileReference section */
		0361BCE948AD47C332631272 /* MoodboardViewModel.swift */ = {isa = PBXFileReference; lastKnownFileType = sourcecode.swift; path = MoodboardViewModel.swift; sourceTree = "<group>"; };
		060680BA1A3ED603EC9C8946 /* SetDesignView.swift */ = {isa = PBXFileReference; lastKnownFileType = sourcecode.swift; path = SetDesignView.swift; sourceTree = "<group>"; };
		07818DA4D68E9F90EB249D2E /* StoryboardModels.swift */ = {isa = PBXFileReference; lastKnownFileType = sourcecode.swift; path = StoryboardModels.swift; sourceTree = "<group>"; };
		0872D9805A415E8268579FE7 /* CharacterGenerationService.swift */ = {isa = PBXFileReference; lastKnownFileType = sourcecode.swift; path = CharacterGenerationService.swift; sourceTree = "<group>"; };
		0EBB09B2A3C396CFDD0B9482 /* maritime.entitlements */ = {isa = PBXFileReference; lastKnownFileType = text.plist.entitlements; path = maritime.entitlements; sourceTree = "<group>"; };
		0F1E4F240AF3F87FE6D8F75B /* maritime.app */ = {isa = PBXFileReference; explicitFileType = wrapper.application; includeInIndex = 0; path = maritime.app; sourceTree = BUILT_PRODUCTS_DIR; };
		0F9018E7021AEB146791BAA3 /* CharacterWizardSheet.swift */ = {isa = PBXFileReference; lastKnownFileType = sourcecode.swift; path = CharacterWizardSheet.swift; sourceTree = "<group>"; };
		10F2860DA7BEBD39382CC396 /* ExportsModels.swift */ = {isa = PBXFileReference; lastKnownFileType = sourcecode.swift; path = ExportsModels.swift; sourceTree = "<group>"; };
		12DB8BDF8CA3958600A7C9AB /* StoryboardPanelCard.swift */ = {isa = PBXFileReference; lastKnownFileType = sourcecode.swift; path = StoryboardPanelCard.swift; sourceTree = "<group>"; };
		1858E9AF31C3B92540075837 /* MoodboardModels.swift */ = {isa = PBXFileReference; lastKnownFileType = sourcecode.swift; path = MoodboardModels.swift; sourceTree = "<group>"; };
		1B61C8AFB8A078F711067ED1 /* AnthropicClient.swift */ = {isa = PBXFileReference; lastKnownFileType = sourcecode.swift; path = AnthropicClient.swift; sourceTree = "<group>"; };
		1DC3B252001C630E7DDC279E /* StoryStore.swift */ = {isa = PBXFileReference; lastKnownFileType = sourcecode.swift; path = StoryStore.swift; sourceTree = "<group>"; };
		1E6397C9F24ED3AE8DD1E653 /* HomeView.swift */ = {isa = PBXFileReference; lastKnownFileType = sourcecode.swift; path = HomeView.swift; sourceTree = "<group>"; };
		23965040C72EB12F9D67D082 /* PhotoshopBridge.swift */ = {isa = PBXFileReference; lastKnownFileType = sourcecode.swift; path = PhotoshopBridge.swift; sourceTree = "<group>"; };
		255692AA3FF39F06974AE381 /* StoryboardStore.swift */ = {isa = PBXFileReference; lastKnownFileType = sourcecode.swift; path = StoryboardStore.swift; sourceTree = "<group>"; };
		256A9ECD4EC64DB3016EDBB8 /* SetPiecePromptPanel.swift */ = {isa = PBXFileReference; lastKnownFileType = sourcecode.swift; path = SetPiecePromptPanel.swift; sourceTree = "<group>"; };
		265623AA8D68BC8CA43528BC /* VideoRendererViewModel.swift */ = {isa = PBXFileReference; lastKnownFileType = sourcecode.swift; path = VideoRendererViewModel.swift; sourceTree = "<group>"; };
		265D9E64EB3C045C3713DF93 /* SetDesignModels.swift */ = {isa = PBXFileReference; lastKnownFileType = sourcecode.swift; path = SetDesignModels.swift; sourceTree = "<group>"; };
		26B226C5582A3EE167B16A6B /* PremiereXMLExporter.swift */ = {isa = PBXFileReference; lastKnownFileType = sourcecode.swift; path = PremiereXMLExporter.swift; sourceTree = "<group>"; };
		27C99AC2666CB93197FC7271 /* PreferencesView.swift */ = {isa = PBXFileReference; lastKnownFileType = sourcecode.swift; path = PreferencesView.swift; sourceTree = "<group>"; };
		29A24522A68B292E1A9CEE72 /* StoryboardPanelsGridView.swift */ = {isa = PBXFileReference; lastKnownFileType = sourcecode.swift; path = StoryboardPanelsGridView.swift; sourceTree = "<group>"; };
		2B89B3DCD47A1CB81FAFEA99 /* SceneCanvasView.swift */ = {isa = PBXFileReference; lastKnownFileType = sourcecode.swift; path = SceneCanvasView.swift; sourceTree = "<group>"; };
		2BBD72237DC0E09D6CB30AF7 /* ScenePanelsView.swift */ = {isa = PBXFileReference; lastKnownFileType = sourcecode.swift; path = ScenePanelsView.swift; sourceTree = "<group>"; };
		32550784872640D6731AC0FC /* LoadingVideoView.swift */ = {isa = PBXFileReference; lastKnownFileType = sourcecode.swift; path = LoadingVideoView.swift; sourceTree = "<group>"; };
		3676ABAAFB3C8BC9D4EBDF61 /* CharacterBuilderView.swift */ = {isa = PBXFileReference; lastKnownFileType = sourcecode.swift; path = CharacterBuilderView.swift; sourceTree = "<group>"; };
		3A731252C8E8E5A82BCA59C1 /* CutSuggestionsList.swift */ = {isa = PBXFileReference; lastKnownFileType = sourcecode.swift; path = CutSuggestionsList.swift; sourceTree = "<group>"; };
		3EB0F4A31DCA4E5F26926E51 /* RhythmPlannerView.swift */ = {isa = PBXFileReference; lastKnownFileType = sourcecode.swift; path = RhythmPlannerView.swift; sourceTree = "<group>"; };
		4396AF3B65CB2C741B89C536 /* AssetLibraryViewModel.swift */ = {isa = PBXFileReference; lastKnownFileType = sourcecode.swift; path = AssetLibraryViewModel.swift; sourceTree = "<group>"; };
		487946A99EA11ADD0391DB89 /* MotionControlsPanel.swift */ = {isa = PBXFileReference; lastKnownFileType = sourcecode.swift; path = MotionControlsPanel.swift; sourceTree = "<group>"; };
		51EF76E034C4C55BC5F4DCD6 /* AssetDetailPanel.swift */ = {isa = PBXFileReference; lastKnownFileType = sourcecode.swift; path = AssetDetailPanel.swift; sourceTree = "<group>"; };
		531F81FCB48D80FAA0A34132 /* CollapsiblePane.swift */ = {isa = PBXFileReference; lastKnownFileType = sourcecode.swift; path = CollapsiblePane.swift; sourceTree = "<group>"; };
		532B43BE89B448338D913CBA /* RecentProjectCard.swift */ = {isa = PBXFileReference; lastKnownFileType = sourcecode.swift; path = RecentProjectCard.swift; sourceTree = "<group>"; };
		557F7455FFC01965AA7A316D /* Theme.swift */ = {isa = PBXFileReference; lastKnownFileType = sourcecode.swift; path = Theme.swift; sourceTree = "<group>"; };
		589E8A75D1FE1394DD757DDA /* MoodboardCanvasItem.swift */ = {isa = PBXFileReference; lastKnownFileType = sourcecode.swift; path = MoodboardCanvasItem.swift; sourceTree = "<group>"; };
		59E2D7FEDA09CE2E33D0C66B /* StoryForgeModels.swift */ = {isa = PBXFileReference; lastKnownFileType = sourcecode.swift; path = StoryForgeModels.swift; sourceTree = "<group>"; };
		5A1FF04F9363B5B3CAD0DD83 /* StoryForgePanels.swift */ = {isa = PBXFileReference; lastKnownFileType = sourcecode.swift; path = StoryForgePanels.swift; sourceTree = "<group>"; };
		5C85B39767AF954D9B81E054 /* CharacterLabModels.swift */ = {isa = PBXFileReference; lastKnownFileType = sourcecode.swift; path = CharacterLabModels.swift; sourceTree = "<group>"; };
		5DE8AE806454D07A2D2526CA /* PanelDetailEditor.swift */ = {isa = PBXFileReference; lastKnownFileType = sourcecode.swift; path = PanelDetailEditor.swift; sourceTree = "<group>"; };
		63CD89B8598C5745F0CCE575 /* LauncherView.swift */ = {isa = PBXFileReference; lastKnownFileType = sourcecode.swift; path = LauncherView.swift; sourceTree = "<group>"; };
		67E2562501968B81FEBE4ED6 /* MoodboardView.swift */ = {isa = PBXFileReference; lastKnownFileType = sourcecode.swift; path = MoodboardView.swift; sourceTree = "<group>"; };
		68DEF5552DCBE1E4C5352EE6 /* MovieBlazeApp.swift */ = {isa = PBXFileReference; lastKnownFileType = sourcecode.swift; path = MovieBlazeApp.swift; sourceTree = "<group>"; };
		69149F2885DA454FF7A556BA /* NewCharacterSheet.swift */ = {isa = PBXFileReference; lastKnownFileType = sourcecode.swift; path = NewCharacterSheet.swift; sourceTree = "<group>"; };
		6C2B1849A09A925BD5F786E9 /* PremiereExportSettings.swift */ = {isa = PBXFileReference; lastKnownFileType = sourcecode.swift; path = PremiereExportSettings.swift; sourceTree = "<group>"; };
		6CE0D300525A353DFC8A7819 /* CharacterLabView.swift */ = {isa = PBXFileReference; lastKnownFileType = sourcecode.swift; path = CharacterLabView.swift; sourceTree = "<group>"; };
		6E0905FB0E298DD8FC1CD23E /* StoryboardComposerViewModel.swift */ = {isa = PBXFileReference; lastKnownFileType = sourcecode.swift; path = StoryboardComposerViewModel.swift; sourceTree = "<group>"; };
		6FDF8900D1EB67AD5FFD1038 /* ReferenceSheetView.swift */ = {isa = PBXFileReference; lastKnownFileType = sourcecode.swift; path = ReferenceSheetView.swift; sourceTree = "<group>"; };
		7169227446C80046BF27DC59 /* AssetLibraryView.swift */ = {isa = PBXFileReference; lastKnownFileType = sourcecode.swift; path = AssetLibraryView.swift; sourceTree = "<group>"; };
		7230A353C5DEF12E3E1B7E76 /* ExportsView.swift */ = {isa = PBXFileReference; lastKnownFileType = sourcecode.swift; path = ExportsView.swift; sourceTree = "<group>"; };
		76759068CF8F2E06FCC18D90 /* SidebarView.swift */ = {isa = PBXFileReference; lastKnownFileType = sourcecode.swift; path = SidebarView.swift; sourceTree = "<group>"; };
		790CC7A590B10A287972B40D /* SceneBuilderView.swift */ = {isa = PBXFileReference; lastKnownFileType = sourcecode.swift; path = SceneBuilderView.swift; sourceTree = "<group>"; };
		7B61F126F20D1EEC2EE4BAF1 /* KeychainStore.swift */ = {isa = PBXFileReference; lastKnownFileType = sourcecode.swift; path = KeychainStore.swift; sourceTree = "<group>"; };
		7DBD3D60C4F98BE7E557FF39 /* StoryForgeViewModel.swift */ = {isa = PBXFileReference; lastKnownFileType = sourcecode.swift; path = StoryForgeViewModel.swift; sourceTree = "<group>"; };
		7ED7E2B08BF06A9F245DAE9B /* AppDelegate.swift */ = {isa = PBXFileReference; lastKnownFileType = sourcecode.swift; path = AppDelegate.swift; sourceTree = "<group>"; };
		7FE9F0D8CDED5AB9341FBD40 /* CharacterStore.swift */ = {isa = PBXFileReference; lastKnownFileType = sourcecode.swift; path = CharacterStore.swift; sourceTree = "<group>"; };
		85A4530F5AB5E6DCDB635C61 /* RootView.swift */ = {isa = PBXFileReference; lastKnownFileType = sourcecode.swift; path = RootView.swift; sourceTree = "<group>"; };
		8A5B3CAC4CC561CCA2792ED4 /* StoryForgeView.swift */ = {isa = PBXFileReference; lastKnownFileType = sourcecode.swift; path = StoryForgeView.swift; sourceTree = "<group>"; };
		8C7F45B899AFD3BEA1B3CBC9 /* AssetLibraryModels.swift */ = {isa = PBXFileReference; lastKnownFileType = sourcecode.swift; path = AssetLibraryModels.swift; sourceTree = "<group>"; };
		9163453FD13E37DC54D80580 /* AssetGridView.swift */ = {isa = PBXFileReference; lastKnownFileType = sourcecode.swift; path = AssetGridView.swift; sourceTree = "<group>"; };
		91907C76B1873FB713267A5F /* CharacterLabViewModel.swift */ = {isa = PBXFileReference; lastKnownFileType = sourcecode.swift; path = CharacterLabViewModel.swift; sourceTree = "<group>"; };
		9700253081D8DBAC4AC82AA1 /* SceneBuilderModels.swift */ = {isa = PBXFileReference; lastKnownFileType = sourcecode.swift; path = SceneBuilderModels.swift; sourceTree = "<group>"; };
		97EB975664FE681100B93DF7 /* StoryboardComposerView.swift */ = {isa = PBXFileReference; lastKnownFileType = sourcecode.swift; path = StoryboardComposerView.swift; sourceTree = "<group>"; };
		9D42572AB4278A3CA326C1A8 /* ExportTargetCard.swift */ = {isa = PBXFileReference; lastKnownFileType = sourcecode.swift; path = ExportTargetCard.swift; sourceTree = "<group>"; };
		9EF0138F5AD9C4F8E56EFAC4 /* MoodboardStore.swift */ = {isa = PBXFileReference; lastKnownFileType = sourcecode.swift; path = MoodboardStore.swift; sourceTree = "<group>"; };
		A099DB2271B3BDF5870804FD /* StoryboardDetailsView.swift */ = {isa = PBXFileReference; lastKnownFileType = sourcecode.swift; path = StoryboardDetailsView.swift; sourceTree = "<group>"; };
		A257DD4F9E660BE9793F14FE /* Assets.xcassets */ = {isa = PBXFileReference; lastKnownFileType = folder.assetcatalog; path = Assets.xcassets; sourceTree = "<group>"; };
		A43D4DC675E811A3DFED55B7 /* FalaiClient.swift */ = {isa = PBXFileReference; lastKnownFileType = sourcecode.swift; path = FalaiClient.swift; sourceTree = "<group>"; };
		A513C63714A94F2CF8C978D2 /* ExportHistoryList.swift */ = {isa = PBXFileReference; lastKnownFileType = sourcecode.swift; path = ExportHistoryList.swift; sourceTree = "<group>"; };
		A615C770E8420ADF38B415CA /* BuildInfo.swift */ = {isa = PBXFileReference; lastKnownFileType = sourcecode.swift; path = BuildInfo.swift; sourceTree = "<group>"; };
		A9EA3FD42B31F9B1E146D11C /* FinalizedCharacterView.swift */ = {isa = PBXFileReference; lastKnownFileType = sourcecode.swift; path = FinalizedCharacterView.swift; sourceTree = "<group>"; };
		ABFA92A081040832E1DEBAFC /* VideoRendererView.swift */ = {isa = PBXFileReference; lastKnownFileType = sourcecode.swift; path = VideoRendererView.swift; sourceTree = "<group>"; };
		AC5CF27F6A14B395A67CBF61 /* PremiereStillRenderer.swift */ = {isa = PBXFileReference; lastKnownFileType = sourcecode.swift; path = PremiereStillRenderer.swift; sourceTree = "<group>"; };
		ACB02EB9477D860FFB55C7F7 /* TimelineView.swift */ = {isa = PBXFileReference; lastKnownFileType = sourcecode.swift; path = TimelineView.swift; sourceTree = "<group>"; };
		B0796BCF027E1CDCCFFC6024 /* SetPieceCard.swift */ = {isa = PBXFileReference; lastKnownFileType = sourcecode.swift; path = SetPieceCard.swift; sourceTree = "<group>"; };
		B3ACF814905BB1165531D1BB /* loading.mp4 */ = {isa = PBXFileReference; path = loading.mp4; sourceTree = "<group>"; };
		BB8E9047CA329A13E4D3268D /* WelcomeContent.swift */ = {isa = PBXFileReference; lastKnownFileType = sourcecode.swift; path = WelcomeContent.swift; sourceTree = "<group>"; };
		BBDEC2683631A214E1CE9E27 /* SceneBuilderViewModel.swift */ = {isa = PBXFileReference; lastKnownFileType = sourcecode.swift; path = SceneBuilderViewModel.swift; sourceTree = "<group>"; };
		BE55D61280830B4F56DC4A89 /* SceneBreakdownView.swift */ = {isa = PBXFileReference; lastKnownFileType = sourcecode.swift; path = SceneBreakdownView.swift; sourceTree = "<group>"; };
		BE65ACD8BAF2B949ED3050CC /* ThemeTrackerView.swift */ = {isa = PBXFileReference; lastKnownFileType = sourcecode.swift; path = ThemeTrackerView.swift; sourceTree = "<group>"; };
		C34AE7A5A4ED209DDEFA3324 /* ExportsViewModel.swift */ = {isa = PBXFileReference; lastKnownFileType = sourcecode.swift; path = ExportsViewModel.swift; sourceTree = "<group>"; };
		C81BA59EAF7CADB87B92F208 /* AssetStore.swift */ = {isa = PBXFileReference; lastKnownFileType = sourcecode.swift; path = AssetStore.swift; sourceTree = "<group>"; };
		C8EEE8014BA61972C34BA273 /* AppSettings.swift */ = {isa = PBXFileReference; lastKnownFileType = sourcecode.swift; path = AppSettings.swift; sourceTree = "<group>"; };
		D1E3D7DB0F1665A21F32B07D /* SetDesignViewModel.swift */ = {isa = PBXFileReference; lastKnownFileType = sourcecode.swift; path = SetDesignViewModel.swift; sourceTree = "<group>"; };
		D202A7239C33290199AE8215 /* HomeComponents.swift */ = {isa = PBXFileReference; lastKnownFileType = sourcecode.swift; path = HomeComponents.swift; sourceTree = "<group>"; };
		D36CCA281FE2E5C8D861703B /* Info.plist */ = {isa = PBXFileReference; lastKnownFileType = text.plist; path = Info.plist; sourceTree = "<group>"; };
		D438C0B50BCB131567E223E7 /* VideoRendererModels.swift */ = {isa = PBXFileReference; lastKnownFileType = sourcecode.swift; path = VideoRendererModels.swift; sourceTree = "<group>"; };
		D7E94C23EE73FCD9929FCA17 /* SetDesignStore.swift */ = {isa = PBXFileReference; lastKnownFileType = sourcecode.swift; path = SetDesignStore.swift; sourceTree = "<group>"; };
		D9853233341AACB1CB9A71CD /* PlaceholderView.swift */ = {isa = PBXFileReference; lastKnownFileType = sourcecode.swift; path = PlaceholderView.swift; sourceTree = "<group>"; };
		DF9B9FAC577D9FF082CC850D /* ShotLibraryView.swift */ = {isa = PBXFileReference; lastKnownFileType = sourcecode.swift; path = ShotLibraryView.swift; sourceTree = "<group>"; };
		E0074D8CFCA3806C34AD6C6E /* StoryStructureView.swift */ = {isa = PBXFileReference; lastKnownFileType = sourcecode.swift; path = StoryStructureView.swift; sourceTree = "<group>"; };
		E09938CED6EEC08DD58EE0F5 /* CharacterWorkspaceView.swift */ = {isa = PBXFileReference; lastKnownFileType = sourcecode.swift; path = CharacterWorkspaceView.swift; sourceTree = "<group>"; };
		E8E16F3D76AA0D4E9CEFFB5D /* StoryForgeHelperPanel.swift */ = {isa = PBXFileReference; lastKnownFileType = sourcecode.swift; path = StoryForgeHelperPanel.swift; sourceTree = "<group>"; };
		EAE3DD5660C2C61E4DF8390B /* FalaiSceneRenderService.swift */ = {isa = PBXFileReference; lastKnownFileType = sourcecode.swift; path = FalaiSceneRenderService.swift; sourceTree = "<group>"; };
		F2A9D4321B8EB3C1A93D22C1 /* VideoStore.swift */ = {isa = PBXFileReference; lastKnownFileType = sourcecode.swift; path = VideoStore.swift; sourceTree = "<group>"; };
		F342B369AEFE6B6474A98720 /* FalaiSetPieceService.swift */ = {isa = PBXFileReference; lastKnownFileType = sourcecode.swift; path = FalaiSetPieceService.swift; sourceTree = "<group>"; };
		F53F490D26233235CF96DE56 /* SceneStore.swift */ = {isa = PBXFileReference; lastKnownFileType = sourcecode.swift; path = SceneStore.swift; sourceTree = "<group>"; };
		FA59981C8C4EA65F2F88822D /* StoryboardHelperPanel.swift */ = {isa = PBXFileReference; lastKnownFileType = sourcecode.swift; path = StoryboardHelperPanel.swift; sourceTree = "<group>"; };
		FFCC80BEE94CE861EA8A4E0B /* Models.swift */ = {isa = PBXFileReference; lastKnownFileType = sourcecode.swift; path = Models.swift; sourceTree = "<group>"; };
		5E70C501010101010101AA02 /* SetPieceSuggestionService.swift */ = {isa = PBXFileReference; lastKnownFileType = sourcecode.swift; path = SetPieceSuggestionService.swift; sourceTree = "<group>"; };
		5E70C501010101010101AA04 /* SetDesignWizardSheet.swift */ = {isa = PBXFileReference; lastKnownFileType = sourcecode.swift; path = SetDesignWizardSheet.swift; sourceTree = "<group>"; };
/* End PBXFileReference section */

/* Begin PBXGroup section */
		00C6413422EC6D59FA483E8B /* Launcher */ = {
			isa = PBXGroup;
			children = (
				63CD89B8598C5745F0CCE575 /* LauncherView.swift */,
				32550784872640D6731AC0FC /* LoadingVideoView.swift */,
				532B43BE89B448338D913CBA /* RecentProjectCard.swift */,
				BB8E9047CA329A13E4D3268D /* WelcomeContent.swift */,
			);
			path = Launcher;
			sourceTree = "<group>";
		};
		02270A4D612B10E3877B5662 /* CharacterLab */ = {
			isa = PBXGroup;
			children = (
				6CE0D300525A353DFC8A7819 /* CharacterLabView.swift */,
				91907C76B1873FB713267A5F /* CharacterLabViewModel.swift */,
				E09938CED6EEC08DD58EE0F5 /* CharacterWorkspaceView.swift */,
				A9EA3FD42B31F9B1E146D11C /* FinalizedCharacterView.swift */,
				69149F2885DA454FF7A556BA /* NewCharacterSheet.swift */,
				6FDF8900D1EB67AD5FFD1038 /* ReferenceSheetView.swift */,
			);
			path = CharacterLab;
			sourceTree = "<group>";
		};
		02F77230C6D0EA513322AB41 /* Shared */ = {
			isa = PBXGroup;
			children = (
				531F81FCB48D80FAA0A34132 /* CollapsiblePane.swift */,
			);
			path = Shared;
			sourceTree = "<group>";
		};
		1DA8C7083E2961576C473637 /* SetDesign */ = {
			isa = PBXGroup;
			children = (
				060680BA1A3ED603EC9C8946 /* SetDesignView.swift */,
				D1E3D7DB0F1665A21F32B07D /* SetDesignViewModel.swift */,
				5E70C501010101010101AA04 /* SetDesignWizardSheet.swift */,
				B0796BCF027E1CDCCFFC6024 /* SetPieceCard.swift */,
				256A9ECD4EC64DB3016EDBB8 /* SetPiecePromptPanel.swift */,
			);
			path = SetDesign;
			sourceTree = "<group>";
		};
		21573A825E1E37461598D0C0 /* VideoRenderer */ = {
			isa = PBXGroup;
			children = (
				3A731252C8E8E5A82BCA59C1 /* CutSuggestionsList.swift */,
				487946A99EA11ADD0391DB89 /* MotionControlsPanel.swift */,
				ACB02EB9477D860FFB55C7F7 /* TimelineView.swift */,
				ABFA92A081040832E1DEBAFC /* VideoRendererView.swift */,
				265623AA8D68BC8CA43528BC /* VideoRendererViewModel.swift */,
			);
			path = VideoRenderer;
			sourceTree = "<group>";
		};
		22CD9E4E679169BFA3B890AA /* Exports */ = {
			isa = PBXGroup;
			children = (
				A513C63714A94F2CF8C978D2 /* ExportHistoryList.swift */,
				7230A353C5DEF12E3E1B7E76 /* ExportsView.swift */,
				C34AE7A5A4ED209DDEFA3324 /* ExportsViewModel.swift */,
				9D42572AB4278A3CA326C1A8 /* ExportTargetCard.swift */,
			);
			path = Exports;
			sourceTree = "<group>";
		};
		2A727C13ED9645CE16AEF07A /* Services */ = {
			isa = PBXGroup;
			children = (
				1B61C8AFB8A078F711067ED1 /* AnthropicClient.swift */,
				0872D9805A415E8268579FE7 /* CharacterGenerationService.swift */,
				A43D4DC675E811A3DFED55B7 /* FalaiClient.swift */,
				EAE3DD5660C2C61E4DF8390B /* FalaiSceneRenderService.swift */,
				F342B369AEFE6B6474A98720 /* FalaiSetPieceService.swift */,
				7B61F126F20D1EEC2EE4BAF1 /* KeychainStore.swift */,
				23965040C72EB12F9D67D082 /* PhotoshopBridge.swift */,
				5E70C501010101010101AA02 /* SetPieceSuggestionService.swift */,
			);
			path = Services;
			sourceTree = "<group>";
		};
		52FD87BA54D152C397EFE83C /* Products */ = {
			isa = PBXGroup;
			children = (
				0F1E4F240AF3F87FE6D8F75B /* maritime.app */,
			);
			name = Products;
			sourceTree = "<group>";
		};
		7C3F7399FCD5A46F337D3773 /* Models */ = {
			isa = PBXGroup;
			children = (
				C8EEE8014BA61972C34BA273 /* AppSettings.swift */,
				8C7F45B899AFD3BEA1B3CBC9 /* AssetLibraryModels.swift */,
				C81BA59EAF7CADB87B92F208 /* AssetStore.swift */,
				5C85B39767AF954D9B81E054 /* CharacterLabModels.swift */,
				7FE9F0D8CDED5AB9341FBD40 /* CharacterStore.swift */,
				10F2860DA7BEBD39382CC396 /* ExportsModels.swift */,
				FFCC80BEE94CE861EA8A4E0B /* Models.swift */,
				1858E9AF31C3B92540075837 /* MoodboardModels.swift */,
				9EF0138F5AD9C4F8E56EFAC4 /* MoodboardStore.swift */,
				6C2B1849A09A925BD5F786E9 /* PremiereExportSettings.swift */,
				AC5CF27F6A14B395A67CBF61 /* PremiereStillRenderer.swift */,
				26B226C5582A3EE167B16A6B /* PremiereXMLExporter.swift */,
				9700253081D8DBAC4AC82AA1 /* SceneBuilderModels.swift */,
				F53F490D26233235CF96DE56 /* SceneStore.swift */,
				265D9E64EB3C045C3713DF93 /* SetDesignModels.swift */,
				D7E94C23EE73FCD9929FCA17 /* SetDesignStore.swift */,
				07818DA4D68E9F90EB249D2E /* StoryboardModels.swift */,
				255692AA3FF39F06974AE381 /* StoryboardStore.swift */,
				59E2D7FEDA09CE2E33D0C66B /* StoryForgeModels.swift */,
				1DC3B252001C630E7DDC279E /* StoryStore.swift */,
				D438C0B50BCB131567E223E7 /* VideoRendererModels.swift */,
				F2A9D4321B8EB3C1A93D22C1 /* VideoStore.swift */,
			);
			path = Models;
			sourceTree = "<group>";
		};
		7D59425C2C354F9FE3CBB10D /* App */ = {
			isa = PBXGroup;
			children = (
				7ED7E2B08BF06A9F245DAE9B /* AppDelegate.swift */,
				A615C770E8420ADF38B415CA /* BuildInfo.swift */,
				68DEF5552DCBE1E4C5352EE6 /* MovieBlazeApp.swift */,
				557F7455FFC01965AA7A316D /* Theme.swift */,
			);
			path = App;
			sourceTree = "<group>";
		};
		86FDED089AFF7A532074436D /* Resources */ = {
			isa = PBXGroup;
			children = (
				B3ACF814905BB1165531D1BB /* loading.mp4 */,
			);
			path = Resources;
			sourceTree = "<group>";
		};
		91C14B64A3E2C6DAFAFAF101 /* AssetLibrary */ = {
			isa = PBXGroup;
			children = (
				51EF76E034C4C55BC5F4DCD6 /* AssetDetailPanel.swift */,
				9163453FD13E37DC54D80580 /* AssetGridView.swift */,
				7169227446C80046BF27DC59 /* AssetLibraryView.swift */,
				4396AF3B65CB2C741B89C536 /* AssetLibraryViewModel.swift */,
			);
			path = AssetLibrary;
			sourceTree = "<group>";
		};
		9D61454958BB2033D3918781 /* Preferences */ = {
			isa = PBXGroup;
			children = (
				27C99AC2666CB93197FC7271 /* PreferencesView.swift */,
			);
			path = Preferences;
			sourceTree = "<group>";
		};
		A87EAB47587EAC8319611EBF /* Views */ = {
			isa = PBXGroup;
			children = (
				D202A7239C33290199AE8215 /* HomeComponents.swift */,
				1E6397C9F24ED3AE8DD1E653 /* HomeView.swift */,
				D9853233341AACB1CB9A71CD /* PlaceholderView.swift */,
				85A4530F5AB5E6DCDB635C61 /* RootView.swift */,
				76759068CF8F2E06FCC18D90 /* SidebarView.swift */,
				91C14B64A3E2C6DAFAFAF101 /* AssetLibrary */,
				02270A4D612B10E3877B5662 /* CharacterLab */,
				22CD9E4E679169BFA3B890AA /* Exports */,
				00C6413422EC6D59FA483E8B /* Launcher */,
				9D61454958BB2033D3918781 /* Preferences */,
				BA10AC88B50F3DC2144B5155 /* SceneBuilder */,
				1DA8C7083E2961576C473637 /* SetDesign */,
				02F77230C6D0EA513322AB41 /* Shared */,
				C7D138127F8C0FEE1F14DF44 /* Storyboard */,
				E76C802FC833B130316E1328 /* StoryForge */,
				21573A825E1E37461598D0C0 /* VideoRenderer */,
			);
			path = Views;
			sourceTree = "<group>";
		};
		BA10AC88B50F3DC2144B5155 /* SceneBuilder */ = {
			isa = PBXGroup;
			children = (
				790CC7A590B10A287972B40D /* SceneBuilderView.swift */,
				BBDEC2683631A214E1CE9E27 /* SceneBuilderViewModel.swift */,
				2B89B3DCD47A1CB81FAFEA99 /* SceneCanvasView.swift */,
				2BBD72237DC0E09D6CB30AF7 /* ScenePanelsView.swift */,
			);
			path = SceneBuilder;
			sourceTree = "<group>";
		};
		C7D138127F8C0FEE1F14DF44 /* Storyboard */ = {
			isa = PBXGroup;
			children = (
				589E8A75D1FE1394DD757DDA /* MoodboardCanvasItem.swift */,
				67E2562501968B81FEBE4ED6 /* MoodboardView.swift */,
				0361BCE948AD47C332631272 /* MoodboardViewModel.swift */,
				5DE8AE806454D07A2D2526CA /* PanelDetailEditor.swift */,
				3EB0F4A31DCA4E5F26926E51 /* RhythmPlannerView.swift */,
				DF9B9FAC577D9FF082CC850D /* ShotLibraryView.swift */,
				97EB975664FE681100B93DF7 /* StoryboardComposerView.swift */,
				6E0905FB0E298DD8FC1CD23E /* StoryboardComposerViewModel.swift */,
				A099DB2271B3BDF5870804FD /* StoryboardDetailsView.swift */,
				FA59981C8C4EA65F2F88822D /* StoryboardHelperPanel.swift */,
				12DB8BDF8CA3958600A7C9AB /* StoryboardPanelCard.swift */,
				29A24522A68B292E1A9CEE72 /* StoryboardPanelsGridView.swift */,
			);
			path = Storyboard;
			sourceTree = "<group>";
		};
		E76C802FC833B130316E1328 /* StoryForge */ = {
			isa = PBXGroup;
			children = (
				3676ABAAFB3C8BC9D4EBDF61 /* CharacterBuilderView.swift */,
				0F9018E7021AEB146791BAA3 /* CharacterWizardSheet.swift */,
				BE55D61280830B4F56DC4A89 /* SceneBreakdownView.swift */,
				E8E16F3D76AA0D4E9CEFFB5D /* StoryForgeHelperPanel.swift */,
				5A1FF04F9363B5B3CAD0DD83 /* StoryForgePanels.swift */,
				8A5B3CAC4CC561CCA2792ED4 /* StoryForgeView.swift */,
				7DBD3D60C4F98BE7E557FF39 /* StoryForgeViewModel.swift */,
				E0074D8CFCA3806C34AD6C6E /* StoryStructureView.swift */,
				BE65ACD8BAF2B949ED3050CC /* ThemeTrackerView.swift */,
			);
			path = StoryForge;
			sourceTree = "<group>";
		};
		FC345D58CE90335EDD800C3D = {
			isa = PBXGroup;
			children = (
				FF56045B3DB77EB6A910D115 /* maritime */,
				52FD87BA54D152C397EFE83C /* Products */,
			);
			sourceTree = "<group>";
		};
		FF56045B3DB77EB6A910D115 /* maritime */ = {
			isa = PBXGroup;
			children = (
				A257DD4F9E660BE9793F14FE /* Assets.xcassets */,
				D36CCA281FE2E5C8D861703B /* Info.plist */,
				0EBB09B2A3C396CFDD0B9482 /* maritime.entitlements */,
				7D59425C2C354F9FE3CBB10D /* App */,
				7C3F7399FCD5A46F337D3773 /* Models */,
				86FDED089AFF7A532074436D /* Resources */,
				2A727C13ED9645CE16AEF07A /* Services */,
				A87EAB47587EAC8319611EBF /* Views */,
			);
			path = maritime;
			sourceTree = "<group>";
		};
/* End PBXGroup section */

/* Begin PBXNativeTarget section */
		A773161BFE77653571A253DF /* maritime */ = {
			isa = PBXNativeTarget;
			buildConfigurationList = A51A2A7CFA1B4601EF302B5D /* Build configuration list for PBXNativeTarget "maritime" */;
			buildPhases = (
				140FF6E421ED3EC33EE07DCA /* Inject Git Info into Info.plist (Debug only) */,
				8EE5724EE1C987B998E07185 /* Sources */,
				3D0F69F897DC563313DB8621 /* Resources */,
				49B3D02453AFCEC0DA7FDD8E /* Restore Info.plist Git placeholders */,
			);
			buildRules = (
			);
			dependencies = (
			);
			name = maritime;
			packageProductDependencies = (
			);
			productName = maritime;
			productReference = 0F1E4F240AF3F87FE6D8F75B /* maritime.app */;
			productType = "com.apple.product-type.application";
		};
/* End PBXNativeTarget section */

/* Begin PBXProject section */
		083212E02C08537B0B070DE4 /* Project object */ = {
			isa = PBXProject;
			attributes = {
				BuildIndependentTargetsInParallel = YES;
				LastUpgradeCheck = 1430;
				TargetAttributes = {
				};
			};
			buildConfigurationList = 752241947350EBF2C1959977 /* Build configuration list for PBXProject "maritime" */;
			developmentRegion = en;
			hasScannedForEncodings = 0;
			knownRegions = (
				Base,
				en,
			);
			mainGroup = FC345D58CE90335EDD800C3D;
			minimizedProjectReferenceProxies = 1;
			preferredProjectObjectVersion = 77;
			productRefGroup = 52FD87BA54D152C397EFE83C /* Products */;
			projectDirPath = "";
			projectRoot = "";
			targets = (
				A773161BFE77653571A253DF /* maritime */,
			);
		};
/* End PBXProject section */

/* Begin PBXResourcesBuildPhase section */
		3D0F69F897DC563313DB8621 /* Resources */ = {
			isa = PBXResourcesBuildPhase;
			buildActionMask = 2147483647;
			files = (
				CC5CF07CB7285F84C7CF8493 /* Assets.xcassets in Resources */,
				4833B6242B6A083C5D7F1086 /* loading.mp4 in Resources */,
			);
			runOnlyForDeploymentPostprocessing = 0;
		};
/* End PBXResourcesBuildPhase section */

/* Begin PBXShellScriptBuildPhase section */
		140FF6E421ED3EC33EE07DCA /* Inject Git Info into Info.plist (Debug only) */ = {
			isa = PBXShellScriptBuildPhase;
			alwaysOutOfDate = 1;
			buildActionMask = 2147483647;
			files = (
			);
			inputFileListPaths = (
			);
			inputPaths = (
			);
			name = "Inject Git Info into Info.plist (Debug only)";
			outputFileListPaths = (
			);
			outputPaths = (
			);
			runOnlyForDeploymentPostprocessing = 0;
			shellPath = /bin/sh;
			shellScript = "PLIST=\"$SRCROOT/maritime/Info.plist\"\nBRANCH=\"\"\nSHA=\"\"\nif [ \"$CONFIGURATION\" = \"Debug\" ] && [ -e \"$SRCROOT/.git\" ]; then\n  BRANCH=$(git -C \"$SRCROOT\" rev-parse --abbrev-ref HEAD 2>/dev/null || true)\n  SHA=$(git -C \"$SRCROOT\" rev-parse --short HEAD 2>/dev/null || true)\nfi\n/usr/libexec/PlistBuddy -c \"Set :GitBranch $BRANCH\" \"$PLIST\" || true\n/usr/libexec/PlistBuddy -c \"Set :GitShortSHA $SHA\" \"$PLIST\" || true\n";
		};
		49B3D02453AFCEC0DA7FDD8E /* Restore Info.plist Git placeholders */ = {
			isa = PBXShellScriptBuildPhase;
			alwaysOutOfDate = 1;
			buildActionMask = 2147483647;
			files = (
			);
			inputFileListPaths = (
			);
			inputPaths = (
			);
			name = "Restore Info.plist Git placeholders";
			outputFileListPaths = (
			);
			outputPaths = (
			);
			runOnlyForDeploymentPostprocessing = 0;
			shellPath = /bin/sh;
			shellScript = "# The pre-build phase writes branch/SHA into the source Info.plist so\n# they are picked up when Xcode copies the plist into the .app. After\n# the build is signed, restore the source to empty placeholders so the\n# working tree stays clean.\nPLIST=\"$SRCROOT/maritime/Info.plist\"\n/usr/libexec/PlistBuddy -c \"Set :GitBranch \" \"$PLIST\" || true\n/usr/libexec/PlistBuddy -c \"Set :GitShortSHA \" \"$PLIST\" || true\n";
		};
/* End PBXShellScriptBuildPhase section */

/* Begin PBXSourcesBuildPhase section */
		8EE5724EE1C987B998E07185 /* Sources */ = {
			isa = PBXSourcesBuildPhase;
			buildActionMask = 2147483647;
			files = (
				F04899C3BD48091D08727A55 /* AnthropicClient.swift in Sources */,
				47B5E59CE3FC32F19D360967 /* AppDelegate.swift in Sources */,
				F88132523E243486D86281D7 /* AppSettings.swift in Sources */,
				767B0683BE78280E6F860807 /* AssetDetailPanel.swift in Sources */,
				86B584AC8302EA5553754515 /* AssetGridView.swift in Sources */,
				953AAA99DD9569F20B5C4289 /* AssetLibraryModels.swift in Sources */,
				B3F24A87DD7CB8968FE50BC1 /* AssetLibraryView.swift in Sources */,
				86C65B51BAC127E8DC6EE615 /* AssetLibraryViewModel.swift in Sources */,
				9D31C7DCE00C51EBF4DFFE36 /* AssetStore.swift in Sources */,
				2FBA0DA860705BED71D3BACE /* BuildInfo.swift in Sources */,
				9FF609CCAB74F739D071AFF5 /* CharacterBuilderView.swift in Sources */,
				D577A448944DCFC825A9662B /* CharacterGenerationService.swift in Sources */,
				0017D1C3E352F93536FA77DB /* CharacterLabModels.swift in Sources */,
				38F5678955E1E6C55317BD36 /* CharacterLabView.swift in Sources */,
				146F05F4C74FF53B68DF5A9E /* CharacterLabViewModel.swift in Sources */,
				4F8044B155E5D22358C13BFC /* CharacterStore.swift in Sources */,
				5E1BE91159940F113396A392 /* CharacterWizardSheet.swift in Sources */,
				F70FFA9DCCBBAB4AF4610AAE /* CharacterWorkspaceView.swift in Sources */,
				DCE6A53FCC91BE70A12DB813 /* CollapsiblePane.swift in Sources */,
				3A36013CB46D6547BCA0BD5E /* CutSuggestionsList.swift in Sources */,
				E2E3BB5B2EDDFC9182066F62 /* ExportHistoryList.swift in Sources */,
				9222187CA48DCAC3ED52B8FD /* ExportTargetCard.swift in Sources */,
				BC774BAB2B8908B2F9A75791 /* ExportsModels.swift in Sources */,
				807FBBA7CD985F88EBE6A545 /* ExportsView.swift in Sources */,
				F1179E9398605BAC938947B9 /* ExportsViewModel.swift in Sources */,
				9F94F5947A4AFA51020E410D /* FalaiClient.swift in Sources */,
				2B40DCC3D168B521C02E80DE /* FalaiSceneRenderService.swift in Sources */,
				D5212637F14B6ABD919BBE96 /* FalaiSetPieceService.swift in Sources */,
				99B4C59FA1927C3EC94F7106 /* FinalizedCharacterView.swift in Sources */,
				6DADB0E129F26DEE5F252D79 /* HomeComponents.swift in Sources */,
				0A25B10019A8C0BEC9BA70F5 /* HomeView.swift in Sources */,
				D1656BCB79978EFAA6D40A8B /* KeychainStore.swift in Sources */,
				9570F1EEAA1C0848A26C164B /* LauncherView.swift in Sources */,
				1CAE90A82823961B280470D1 /* LoadingVideoView.swift in Sources */,
				A3FB5C948FE28081C4FFBB3A /* Models.swift in Sources */,
				3BA13E8772A2A74602B0FA43 /* MoodboardCanvasItem.swift in Sources */,
				BDEA6B45C1C7A14C9382FEAB /* MoodboardModels.swift in Sources */,
				5CC7BE0D08F46B9D9100A3BE /* MoodboardStore.swift in Sources */,
				C6484B66E03FE159F2369AF9 /* MoodboardView.swift in Sources */,
				26599A213BC21B0E8618A40E /* MoodboardViewModel.swift in Sources */,
				4AECCF9BEA20FD8B8A4498B9 /* MotionControlsPanel.swift in Sources */,
				6619014A4682241661AAE757 /* MovieBlazeApp.swift in Sources */,
				41593C4F838B92F21B4AA708 /* NewCharacterSheet.swift in Sources */,
				CE9C9FEF6B79A25492973091 /* PanelDetailEditor.swift in Sources */,
				64E06B9583338A0F0FC50D0D /* PhotoshopBridge.swift in Sources */,
				685F6EA3273DB161940A4408 /* PlaceholderView.swift in Sources */,
				FFE8A53C73CEF09379EB0B73 /* PreferencesView.swift in Sources */,
				B920C9190B7EE3B61448F159 /* PremiereExportSettings.swift in Sources */,
				CA21C7978697B4676056AA1F /* PremiereStillRenderer.swift in Sources */,
				A4093D47197AEE2E6ED97543 /* PremiereXMLExporter.swift in Sources */,
				6631E17BEA36C4E978A3D71E /* RecentProjectCard.swift in Sources */,
				A90C421F76736620129E5516 /* ReferenceSheetView.swift in Sources */,
				DF7D5C87E96EF3790A8E9D0E /* RhythmPlannerView.swift in Sources */,
				D45E8A2D169622A3EC1DD9F6 /* RootView.swift in Sources */,
				A51C7836BCAEF9C62E51D1B1 /* SceneBreakdownView.swift in Sources */,
				0DBAE2E3CDA39893DC4F2086 /* SceneBuilderModels.swift in Sources */,
				1E792C6BA48ADBFB04E6951F /* SceneBuilderView.swift in Sources */,
				CFCAADD3D3C032CB1ACB2C2C /* SceneBuilderViewModel.swift in Sources */,
				D3FAA51AD8B7F31D0C2381F4 /* SceneCanvasView.swift in Sources */,
				E10FDFDD7E917EBEBE82198C /* ScenePanelsView.swift in Sources */,
				6FC58EAB8A71A3BB01513ED7 /* SceneStore.swift in Sources */,
				E1F53039CD99CD18DAFC568A /* SetDesignModels.swift in Sources */,
				F93F34A905EBF7A3DA8BC0A7 /* SetDesignStore.swift in Sources */,
				06E798EDA56CD88508CD1E1F /* SetDesignView.swift in Sources */,
				CAC306CAE8038BFB41971A98 /* SetDesignViewModel.swift in Sources */,
				5E70C501010101010101AA03 /* SetDesignWizardSheet.swift in Sources */,
				CEC43CA51731C055693BA9CF /* SetPieceCard.swift in Sources */,
				B478133DB97DCF599EB3632C /* SetPiecePromptPanel.swift in Sources */,
				5E70C501010101010101AA01 /* SetPieceSuggestionService.swift in Sources */,
				BF31982E3D4B6D96A3B0FA7F /* ShotLibraryView.swift in Sources */,
				09DAA95FB53A52DBB819697E /* SidebarView.swift in Sources */,
				E7E7CDF11421DB96FBC9AF99 /* StoryForgeHelperPanel.swift in Sources */,
				77EC430EAAA168D6E6C64E27 /* StoryForgeModels.swift in Sources */,
				9E05AC0967EEB5E4FB69F6D3 /* StoryForgePanels.swift in Sources */,
				07F7A27D0390ED99C0C9D619 /* StoryForgeView.swift in Sources */,
				67B99DC2320479319DD1A7B7 /* StoryForgeViewModel.swift in Sources */,
				A29C5E6C224459FD10F164EE /* StoryStore.swift in Sources */,
				EEF8984FF267CBFBC95A3F60 /* StoryStructureView.swift in Sources */,
				6286C73BBF265F8C449F7734 /* StoryboardComposerView.swift in Sources */,
				7C9AA5FBB9F570A879CC528F /* StoryboardComposerViewModel.swift in Sources */,
				F8D5CE2F5277E4E2FCFBB83B /* StoryboardDetailsView.swift in Sources */,
				EF7C4833979E2525E7EC8BE9 /* StoryboardHelperPanel.swift in Sources */,
				58CD94E4EDA7B0EB2E3976F6 /* StoryboardModels.swift in Sources */,
				8BD77850EE9A5B52692C4859 /* StoryboardPanelCard.swift in Sources */,
				E28A559FD65900D11C4675B3 /* StoryboardPanelsGridView.swift in Sources */,
				553C7B428327C9AB418FBB3C /* StoryboardStore.swift in Sources */,
				4BCE350DE8B48A6C08781168 /* Theme.swift in Sources */,
				07C78D13878C11E09A635A58 /* ThemeTrackerView.swift in Sources */,
				0F638C7CC82E644DCDA8D262 /* TimelineView.swift in Sources */,
				616FF3ADDB80DA670B732060 /* VideoRendererModels.swift in Sources */,
				9221C9080653A0D5CA7C9928 /* VideoRendererView.swift in Sources */,
				80696CE5707EC736347F2AA0 /* VideoRendererViewModel.swift in Sources */,
				C30B54B91EB18088BE87A69C /* VideoStore.swift in Sources */,
				334FEBDB4E0B84DDA499491E /* WelcomeContent.swift in Sources */,
			);
			runOnlyForDeploymentPostprocessing = 0;
		};
/* End PBXSourcesBuildPhase section */

/* Begin XCBuildConfiguration section */
		08FDFCC180A2AE8A820974C0 /* Release */ = {
			isa = XCBuildConfiguration;
			buildSettings = {
				ALWAYS_SEARCH_USER_PATHS = NO;
				ASSETCATALOG_COMPILER_APPICON_NAME = AppIcon;
				CLANG_ANALYZER_NONNULL = YES;
				CLANG_ANALYZER_NUMBER_OBJECT_CONVERSION = YES_AGGRESSIVE;
				CLANG_CXX_LANGUAGE_STANDARD = "gnu++14";
				CLANG_CXX_LIBRARY = "libc++";
				CLANG_ENABLE_MODULES = YES;
				CLANG_ENABLE_OBJC_ARC = YES;
				CLANG_ENABLE_OBJC_WEAK = YES;
				CLANG_WARN_BLOCK_CAPTURE_AUTORELEASING = YES;
				CLANG_WARN_BOOL_CONVERSION = YES;
				CLANG_WARN_COMMA = YES;
				CLANG_WARN_CONSTANT_CONVERSION = YES;
				CLANG_WARN_DEPRECATED_OBJC_IMPLEMENTATIONS = YES;
				CLANG_WARN_DIRECT_OBJC_ISA_USAGE = YES_ERROR;
				CLANG_WARN_DOCUMENTATION_COMMENTS = YES;
				CLANG_WARN_EMPTY_BODY = YES;
				CLANG_WARN_ENUM_CONVERSION = YES;
				CLANG_WARN_INFINITE_RECURSION = YES;
				CLANG_WARN_INT_CONVERSION = YES;
				CLANG_WARN_NON_LITERAL_NULL_CONVERSION = YES;
				CLANG_WARN_OBJC_IMPLICIT_RETAIN_SELF = YES;
				CLANG_WARN_OBJC_LITERAL_CONVERSION = YES;
				CLANG_WARN_OBJC_ROOT_CLASS = YES_ERROR;
				CLANG_WARN_QUOTED_INCLUDE_IN_FRAMEWORK_HEADER = YES;
				CLANG_WARN_RANGE_LOOP_ANALYSIS = YES;
				CLANG_WARN_STRICT_PROTOTYPES = YES;
				CLANG_WARN_SUSPICIOUS_MOVE = YES;
				CLANG_WARN_UNGUARDED_AVAILABILITY = YES_AGGRESSIVE;
				CLANG_WARN_UNREACHABLE_CODE = YES;
				CLANG_WARN__DUPLICATE_METHOD_MATCH = YES;
				COPY_PHASE_STRIP = NO;
				CURRENT_PROJECT_VERSION = 1;
				DEBUG_INFORMATION_FORMAT = "dwarf-with-dsym";
				ENABLE_NS_ASSERTIONS = NO;
				ENABLE_STRICT_OBJC_MSGSEND = YES;
				GCC_C_LANGUAGE_STANDARD = gnu11;
				GCC_NO_COMMON_BLOCKS = YES;
				GCC_WARN_64_TO_32_BIT_CONVERSION = YES;
				GCC_WARN_ABOUT_RETURN_TYPE = YES_ERROR;
				GCC_WARN_UNDECLARED_SELECTOR = YES;
				GCC_WARN_UNINITIALIZED_AUTOS = YES_AGGRESSIVE;
				GCC_WARN_UNUSED_FUNCTION = YES;
				GCC_WARN_UNUSED_VARIABLE = YES;
				MACOSX_DEPLOYMENT_TARGET = 14.0;
				MARKETING_VERSION = 1.0;
				MTL_ENABLE_DEBUG_INFO = NO;
				MTL_FAST_MATH = YES;
				PRODUCT_BUNDLE_IDENTIFIER = com.example.maritime;
				PRODUCT_NAME = maritime;
				SDKROOT = macosx;
				SUPPORTED_PLATFORMS = macosx;
				SWIFT_COMPILATION_MODE = wholemodule;
				SWIFT_OPTIMIZATION_LEVEL = "-O";
				SWIFT_VERSION = 5.0;
			};
			name = Release;
		};
		2811BA27F37A39CC59CDECC7 /* Release */ = {
			isa = XCBuildConfiguration;
			buildSettings = {
				ASSETCATALOG_COMPILER_APPICON_NAME = AppIcon;
				CODE_SIGN_ENTITLEMENTS = maritime/maritime.entitlements;
				COMBINE_HIDPI_IMAGES = YES;
				INFOPLIST_FILE = maritime/Info.plist;
				LD_RUNPATH_SEARCH_PATHS = (
					"$(inherited)",
					"@executable_path/../Frameworks",
				);
				MACOSX_DEPLOYMENT_TARGET = 14.0;
				SDKROOT = macosx;
			};
			name = Release;
		};
		900B97C948D3BA970592F62D /* Debug */ = {
			isa = XCBuildConfiguration;
			buildSettings = {
				ASSETCATALOG_COMPILER_APPICON_NAME = AppIcon;
				CODE_SIGN_ENTITLEMENTS = maritime/maritime.entitlements;
				COMBINE_HIDPI_IMAGES = YES;
				INFOPLIST_FILE = maritime/Info.plist;
				LD_RUNPATH_SEARCH_PATHS = (
					"$(inherited)",
					"@executable_path/../Frameworks",
				);
				MACOSX_DEPLOYMENT_TARGET = 14.0;
				SDKROOT = macosx;
			};
			name = Debug;
		};
		E0469E795E3E9C62F6EACC57 /* Debug */ = {
			isa = XCBuildConfiguration;
			buildSettings = {
				ALWAYS_SEARCH_USER_PATHS = NO;
				ASSETCATALOG_COMPILER_APPICON_NAME = AppIcon;
				CLANG_ANALYZER_NONNULL = YES;
				CLANG_ANALYZER_NUMBER_OBJECT_CONVERSION = YES_AGGRESSIVE;
				CLANG_CXX_LANGUAGE_STANDARD = "gnu++14";
				CLANG_CXX_LIBRARY = "libc++";
				CLANG_ENABLE_MODULES = YES;
				CLANG_ENABLE_OBJC_ARC = YES;
				CLANG_ENABLE_OBJC_WEAK = YES;
				CLANG_WARN_BLOCK_CAPTURE_AUTORELEASING = YES;
				CLANG_WARN_BOOL_CONVERSION = YES;
				CLANG_WARN_COMMA = YES;
				CLANG_WARN_CONSTANT_CONVERSION = YES;
				CLANG_WARN_DEPRECATED_OBJC_IMPLEMENTATIONS = YES;
				CLANG_WARN_DIRECT_OBJC_ISA_USAGE = YES_ERROR;
				CLANG_WARN_DOCUMENTATION_COMMENTS = YES;
				CLANG_WARN_EMPTY_BODY = YES;
				CLANG_WARN_ENUM_CONVERSION = YES;
				CLANG_WARN_INFINITE_RECURSION = YES;
				CLANG_WARN_INT_CONVERSION = YES;
				CLANG_WARN_NON_LITERAL_NULL_CONVERSION = YES;
				CLANG_WARN_OBJC_IMPLICIT_RETAIN_SELF = YES;
				CLANG_WARN_OBJC_LITERAL_CONVERSION = YES;
				CLANG_WARN_OBJC_ROOT_CLASS = YES_ERROR;
				CLANG_WARN_QUOTED_INCLUDE_IN_FRAMEWORK_HEADER = YES;
				CLANG_WARN_RANGE_LOOP_ANALYSIS = YES;
				CLANG_WARN_STRICT_PROTOTYPES = YES;
				CLANG_WARN_SUSPICIOUS_MOVE = YES;
				CLANG_WARN_UNGUARDED_AVAILABILITY = YES_AGGRESSIVE;
				CLANG_WARN_UNREACHABLE_CODE = YES;
				CLANG_WARN__DUPLICATE_METHOD_MATCH = YES;
				COPY_PHASE_STRIP = NO;
				CURRENT_PROJECT_VERSION = 1;
				DEBUG_INFORMATION_FORMAT = dwarf;
				ENABLE_STRICT_OBJC_MSGSEND = YES;
				ENABLE_TESTABILITY = YES;
				GCC_C_LANGUAGE_STANDARD = gnu11;
				GCC_DYNAMIC_NO_PIC = NO;
				GCC_NO_COMMON_BLOCKS = YES;
				GCC_OPTIMIZATION_LEVEL = 0;
				GCC_PREPROCESSOR_DEFINITIONS = (
					"$(inherited)",
					"DEBUG=1",
				);
				GCC_WARN_64_TO_32_BIT_CONVERSION = YES;
				GCC_WARN_ABOUT_RETURN_TYPE = YES_ERROR;
				GCC_WARN_UNDECLARED_SELECTOR = YES;
				GCC_WARN_UNINITIALIZED_AUTOS = YES_AGGRESSIVE;
				GCC_WARN_UNUSED_FUNCTION = YES;
				GCC_WARN_UNUSED_VARIABLE = YES;
				MACOSX_DEPLOYMENT_TARGET = 14.0;
				MARKETING_VERSION = 1.0;
				MTL_ENABLE_DEBUG_INFO = INCLUDE_SOURCE;
				MTL_FAST_MATH = YES;
				ONLY_ACTIVE_ARCH = YES;
				PRODUCT_BUNDLE_IDENTIFIER = com.example.maritime;
				PRODUCT_NAME = maritime;
				SDKROOT = macosx;
				SUPPORTED_PLATFORMS = macosx;
				SWIFT_ACTIVE_COMPILATION_CONDITIONS = DEBUG;
				SWIFT_OPTIMIZATION_LEVEL = "-Onone";
				SWIFT_VERSION = 5.0;
			};
			name = Debug;
		};
/* End XCBuildConfiguration section */

/* Begin XCConfigurationList section */
		752241947350EBF2C1959977 /* Build configuration list for PBXProject "maritime" */ = {
			isa = XCConfigurationList;
			buildConfigurations = (
				E0469E795E3E9C62F6EACC57 /* Debug */,
				08FDFCC180A2AE8A820974C0 /* Release */,
			);
			defaultConfigurationIsVisible = 0;
			defaultConfigurationName = Debug;
		};
		A51A2A7CFA1B4601EF302B5D /* Build configuration list for PBXNativeTarget "maritime" */ = {
			isa = XCConfigurationList;
			buildConfigurations = (
				900B97C948D3BA970592F62D /* Debug */,
				2811BA27F37A39CC59CDECC7 /* Release */,
			);
			defaultConfigurationIsVisible = 0;
			defaultConfigurationName = Debug;
		};
/* End XCConfigurationList section */
	};
	rootObject = 083212E02C08537B0B070DE4 /* Project object */;
}
