// !$*UTF8*$!
{
	archiveVersion = 1;
	classes = {
	};
	objectVersion = 77;
	objects = {

/* Begin PBXBuildFile section */
		0017D1C3E352F93536FA77DB /* CharacterLabModels.swift in Sources */ = {isa = PBXBuildFile; fileRef = 5C85B39767AF954D9B81E054 /* CharacterLabModels.swift */; };
		07F7A27D0390ED99C0C9D619 /* StoryForgeView.swift in Sources */ = {isa = PBXBuildFile; fileRef = 8A5B3CAC4CC561CCA2792ED4 /* StoryForgeView.swift */; };
		09DAA95FB53A52DBB819697E /* SidebarView.swift in Sources */ = {isa = PBXBuildFile; fileRef = 76759068CF8F2E06FCC18D90 /* SidebarView.swift */; };
		0A25B10019A8C0BEC9BA70F5 /* HomeView.swift in Sources */ = {isa = PBXBuildFile; fileRef = 1E6397C9F24ED3AE8DD1E653 /* HomeView.swift */; };
		0DBAE2E3CDA39893DC4F2086 /* SceneBuilderModels.swift in Sources */ = {isa = PBXBuildFile; fileRef = 9700253081D8DBAC4AC82AA1 /* SceneBuilderModels.swift */; };
		0F638C7CC82E644DCDA8D262 /* TimelineView.swift in Sources */ = {isa = PBXBuildFile; fileRef = ACB02EB9477D860FFB55C7F7 /* TimelineView.swift */; };
		146F05F4C74FF53B68DF5A9E /* CharacterLabViewModel.swift in Sources */ = {isa = PBXBuildFile; fileRef = 91907C76B1873FB713267A5F /* CharacterLabViewModel.swift */; };
		1E792C6BA48ADBFB04E6951F /* SceneBuilderView.swift in Sources */ = {isa = PBXBuildFile; fileRef = 790CC7A590B10A287972B40D /* SceneBuilderView.swift */; };
		20FB339740DD26BF59F2D030 /* WantVsNeedPanel.swift in Sources */ = {isa = PBXBuildFile; fileRef = 905F4BDBDB42EABA9C6BB8D9 /* WantVsNeedPanel.swift */; };
		2155656647FAB763C6E14F89 /* StoryboardViewModel.swift in Sources */ = {isa = PBXBuildFile; fileRef = C64D6604C8B8D1A32FDA658C /* StoryboardViewModel.swift */; };
		38F5678955E1E6C55317BD36 /* CharacterLabView.swift in Sources */ = {isa = PBXBuildFile; fileRef = 6CE0D300525A353DFC8A7819 /* CharacterLabView.swift */; };
		3A36013CB46D6547BCA0BD5E /* CutSuggestionsList.swift in Sources */ = {isa = PBXBuildFile; fileRef = 3A731252C8E8E5A82BCA59C1 /* CutSuggestionsList.swift */; };
		41593C4F838B92F21B4AA708 /* NewCharacterSheet.swift in Sources */ = {isa = PBXBuildFile; fileRef = 69149F2885DA454FF7A556BA /* NewCharacterSheet.swift */; };
		4AECCF9BEA20FD8B8A4498B9 /* MotionControlsPanel.swift in Sources */ = {isa = PBXBuildFile; fileRef = 487946A99EA11ADD0391DB89 /* MotionControlsPanel.swift */; };
		4BCE350DE8B48A6C08781168 /* Theme.swift in Sources */ = {isa = PBXBuildFile; fileRef = 557F7455FFC01965AA7A316D /* Theme.swift */; };
		4F782F133F82CBE0BB848B99 /* RhythmTimingBar.swift in Sources */ = {isa = PBXBuildFile; fileRef = 5CE4A13E852C20AD8BF59EEA /* RhythmTimingBar.swift */; };
		4F8044B155E5D22358C13BFC /* CharacterStore.swift in Sources */ = {isa = PBXBuildFile; fileRef = 7FE9F0D8CDED5AB9341FBD40 /* CharacterStore.swift */; };
		58CD94E4EDA7B0EB2E3976F6 /* StoryboardModels.swift in Sources */ = {isa = PBXBuildFile; fileRef = 07818DA4D68E9F90EB249D2E /* StoryboardModels.swift */; };
		5922A80CD82CE28A0186A7D4 /* ThemeMotifRail.swift in Sources */ = {isa = PBXBuildFile; fileRef = 645A740F6A5A97B8E77E7E52 /* ThemeMotifRail.swift */; };
		616FF3ADDB80DA670B732060 /* VideoRendererModels.swift in Sources */ = {isa = PBXBuildFile; fileRef = D438C0B50BCB131567E223E7 /* VideoRendererModels.swift */; };
		6619014A4682241661AAE757 /* MovieBlazeApp.swift in Sources */ = {isa = PBXBuildFile; fileRef = 68DEF5552DCBE1E4C5352EE6 /* MovieBlazeApp.swift */; };
		67B99DC2320479319DD1A7B7 /* StoryForgeViewModel.swift in Sources */ = {isa = PBXBuildFile; fileRef = 7DBD3D60C4F98BE7E557FF39 /* StoryForgeViewModel.swift */; };
		685F6EA3273DB161940A4408 /* PlaceholderView.swift in Sources */ = {isa = PBXBuildFile; fileRef = D9853233341AACB1CB9A71CD /* PlaceholderView.swift */; };
		6DADB0E129F26DEE5F252D79 /* HomeComponents.swift in Sources */ = {isa = PBXBuildFile; fileRef = D202A7239C33290199AE8215 /* HomeComponents.swift */; };
		767B0683BE78280E6F860807 /* AssetDetailPanel.swift in Sources */ = {isa = PBXBuildFile; fileRef = 51EF76E034C4C55BC5F4DCD6 /* AssetDetailPanel.swift */; };
		774FB8BD910B7D6B26DA602C /* StoryboardView.swift in Sources */ = {isa = PBXBuildFile; fileRef = 1C2311848715BF7F1D83C3C3 /* StoryboardView.swift */; };
		77EC430EAAA168D6E6C64E27 /* StoryForgeModels.swift in Sources */ = {isa = PBXBuildFile; fileRef = 59E2D7FEDA09CE2E33D0C66B /* StoryForgeModels.swift */; };
		7F38919569AE20A2C05E529B /* SequenceGridView.swift in Sources */ = {isa = PBXBuildFile; fileRef = DF4BC2A442FA4DD984079C15 /* SequenceGridView.swift */; };
		80696CE5707EC736347F2AA0 /* VideoRendererViewModel.swift in Sources */ = {isa = PBXBuildFile; fileRef = 265623AA8D68BC8CA43528BC /* VideoRendererViewModel.swift */; };
		807FBBA7CD985F88EBE6A545 /* ExportsView.swift in Sources */ = {isa = PBXBuildFile; fileRef = 7230A353C5DEF12E3E1B7E76 /* ExportsView.swift */; };
		86B584AC8302EA5553754515 /* AssetGridView.swift in Sources */ = {isa = PBXBuildFile; fileRef = 9163453FD13E37DC54D80580 /* AssetGridView.swift */; };
		86C65B51BAC127E8DC6EE615 /* AssetLibraryViewModel.swift in Sources */ = {isa = PBXBuildFile; fileRef = 4396AF3B65CB2C741B89C536 /* AssetLibraryViewModel.swift */; };
		9221C9080653A0D5CA7C9928 /* VideoRendererView.swift in Sources */ = {isa = PBXBuildFile; fileRef = ABFA92A081040832E1DEBAFC /* VideoRendererView.swift */; };
		9222187CA48DCAC3ED52B8FD /* ExportTargetCard.swift in Sources */ = {isa = PBXBuildFile; fileRef = 9D42572AB4278A3CA326C1A8 /* ExportTargetCard.swift */; };
		953AAA99DD9569F20B5C4289 /* AssetLibraryModels.swift in Sources */ = {isa = PBXBuildFile; fileRef = 8C7F45B899AFD3BEA1B3CBC9 /* AssetLibraryModels.swift */; };
		99B4C59FA1927C3EC94F7106 /* FinalizedCharacterView.swift in Sources */ = {isa = PBXBuildFile; fileRef = A9EA3FD42B31F9B1E146D11C /* FinalizedCharacterView.swift */; };
		A3FB5C948FE28081C4FFBB3A /* Models.swift in Sources */ = {isa = PBXBuildFile; fileRef = FFCC80BEE94CE861EA8A4E0B /* Models.swift */; };
		A90C421F76736620129E5516 /* ReferenceSheetView.swift in Sources */ = {isa = PBXBuildFile; fileRef = 6FDF8900D1EB67AD5FFD1038 /* ReferenceSheetView.swift */; };
		B3F24A87DD7CB8968FE50BC1 /* AssetLibraryView.swift in Sources */ = {isa = PBXBuildFile; fileRef = 7169227446C80046BF27DC59 /* AssetLibraryView.swift */; };
		BC08B2BE9A60AFEFA1DEFEDF /* BeatSheetView.swift in Sources */ = {isa = PBXBuildFile; fileRef = C771D89C5C413AFCD1FF45A5 /* BeatSheetView.swift */; };
		BC774BAB2B8908B2F9A75791 /* ExportsModels.swift in Sources */ = {isa = PBXBuildFile; fileRef = 10F2860DA7BEBD39382CC396 /* ExportsModels.swift */; };
		CC5CF07CB7285F84C7CF8493 /* Assets.xcassets in Resources */ = {isa = PBXBuildFile; fileRef = A257DD4F9E660BE9793F14FE /* Assets.xcassets */; };
		CDA36404E6959E4B846B513A /* ShotLibraryPanel.swift in Sources */ = {isa = PBXBuildFile; fileRef = 779E36CA9828B2690DA4F669 /* ShotLibraryPanel.swift */; };
		CFCAADD3D3C032CB1ACB2C2C /* SceneBuilderViewModel.swift in Sources */ = {isa = PBXBuildFile; fileRef = BBDEC2683631A214E1CE9E27 /* SceneBuilderViewModel.swift */; };
		D3FAA51AD8B7F31D0C2381F4 /* SceneCanvasView.swift in Sources */ = {isa = PBXBuildFile; fileRef = 2B89B3DCD47A1CB81FAFEA99 /* SceneCanvasView.swift */; };
		D45E8A2D169622A3EC1DD9F6 /* RootView.swift in Sources */ = {isa = PBXBuildFile; fileRef = 85A4530F5AB5E6DCDB635C61 /* RootView.swift */; };
		DCE6A53FCC91BE70A12DB813 /* CollapsiblePane.swift in Sources */ = {isa = PBXBuildFile; fileRef = 531F81FCB48D80FAA0A34132 /* CollapsiblePane.swift */; };
		E10FDFDD7E917EBEBE82198C /* ScenePanelsView.swift in Sources */ = {isa = PBXBuildFile; fileRef = 2BBD72237DC0E09D6CB30AF7 /* ScenePanelsView.swift */; };
		E2E3BB5B2EDDFC9182066F62 /* ExportHistoryList.swift in Sources */ = {isa = PBXBuildFile; fileRef = A513C63714A94F2CF8C978D2 /* ExportHistoryList.swift */; };
		F1179E9398605BAC938947B9 /* ExportsViewModel.swift in Sources */ = {isa = PBXBuildFile; fileRef = C34AE7A5A4ED209DDEFA3324 /* ExportsViewModel.swift */; };
		F70FFA9DCCBBAB4AF4610AAE /* CharacterWorkspaceView.swift in Sources */ = {isa = PBXBuildFile; fileRef = E09938CED6EEC08DD58EE0F5 /* CharacterWorkspaceView.swift */; };
/* End PBXBuildFile section */

/* Begin PBXFileReference section */
		07818DA4D68E9F90EB249D2E /* StoryboardModels.swift */ = {isa = PBXFileReference; lastKnownFileType = sourcecode.swift; path = StoryboardModels.swift; sourceTree = "<group>"; };
		0EBB09B2A3C396CFDD0B9482 /* maritime.entitlements */ = {isa = PBXFileReference; lastKnownFileType = text.plist.entitlements; path = maritime.entitlements; sourceTree = "<group>"; };
		0F1E4F240AF3F87FE6D8F75B /* maritime.app */ = {isa = PBXFileReference; explicitFileType = wrapper.application; includeInIndex = 0; path = maritime.app; sourceTree = BUILT_PRODUCTS_DIR; };
		10F2860DA7BEBD39382CC396 /* ExportsModels.swift */ = {isa = PBXFileReference; lastKnownFileType = sourcecode.swift; path = ExportsModels.swift; sourceTree = "<group>"; };
		1C2311848715BF7F1D83C3C3 /* StoryboardView.swift */ = {isa = PBXFileReference; lastKnownFileType = sourcecode.swift; path = StoryboardView.swift; sourceTree = "<group>"; };
		1E6397C9F24ED3AE8DD1E653 /* HomeView.swift */ = {isa = PBXFileReference; lastKnownFileType = sourcecode.swift; path = HomeView.swift; sourceTree = "<group>"; };
		265623AA8D68BC8CA43528BC /* VideoRendererViewModel.swift */ = {isa = PBXFileReference; lastKnownFileType = sourcecode.swift; path = VideoRendererViewModel.swift; sourceTree = "<group>"; };
		2B89B3DCD47A1CB81FAFEA99 /* SceneCanvasView.swift */ = {isa = PBXFileReference; lastKnownFileType = sourcecode.swift; path = SceneCanvasView.swift; sourceTree = "<group>"; };
		2BBD72237DC0E09D6CB30AF7 /* ScenePanelsView.swift */ = {isa = PBXFileReference; lastKnownFileType = sourcecode.swift; path = ScenePanelsView.swift; sourceTree = "<group>"; };
		3A731252C8E8E5A82BCA59C1 /* CutSuggestionsList.swift */ = {isa = PBXFileReference; lastKnownFileType = sourcecode.swift; path = CutSuggestionsList.swift; sourceTree = "<group>"; };
		4396AF3B65CB2C741B89C536 /* AssetLibraryViewModel.swift */ = {isa = PBXFileReference; lastKnownFileType = sourcecode.swift; path = AssetLibraryViewModel.swift; sourceTree = "<group>"; };
		487946A99EA11ADD0391DB89 /* MotionControlsPanel.swift */ = {isa = PBXFileReference; lastKnownFileType = sourcecode.swift; path = MotionControlsPanel.swift; sourceTree = "<group>"; };
		51EF76E034C4C55BC5F4DCD6 /* AssetDetailPanel.swift */ = {isa = PBXFileReference; lastKnownFileType = sourcecode.swift; path = AssetDetailPanel.swift; sourceTree = "<group>"; };
		531F81FCB48D80FAA0A34132 /* CollapsiblePane.swift */ = {isa = PBXFileReference; lastKnownFileType = sourcecode.swift; path = CollapsiblePane.swift; sourceTree = "<group>"; };
		557F7455FFC01965AA7A316D /* Theme.swift */ = {isa = PBXFileReference; lastKnownFileType = sourcecode.swift; path = Theme.swift; sourceTree = "<group>"; };
		59E2D7FEDA09CE2E33D0C66B /* StoryForgeModels.swift */ = {isa = PBXFileReference; lastKnownFileType = sourcecode.swift; path = StoryForgeModels.swift; sourceTree = "<group>"; };
		5C85B39767AF954D9B81E054 /* CharacterLabModels.swift */ = {isa = PBXFileReference; lastKnownFileType = sourcecode.swift; path = CharacterLabModels.swift; sourceTree = "<group>"; };
		5CE4A13E852C20AD8BF59EEA /* RhythmTimingBar.swift */ = {isa = PBXFileReference; lastKnownFileType = sourcecode.swift; path = RhythmTimingBar.swift; sourceTree = "<group>"; };
		645A740F6A5A97B8E77E7E52 /* ThemeMotifRail.swift */ = {isa = PBXFileReference; lastKnownFileType = sourcecode.swift; path = ThemeMotifRail.swift; sourceTree = "<group>"; };
		68DEF5552DCBE1E4C5352EE6 /* MovieBlazeApp.swift */ = {isa = PBXFileReference; lastKnownFileType = sourcecode.swift; path = MovieBlazeApp.swift; sourceTree = "<group>"; };
		69149F2885DA454FF7A556BA /* NewCharacterSheet.swift */ = {isa = PBXFileReference; lastKnownFileType = sourcecode.swift; path = NewCharacterSheet.swift; sourceTree = "<group>"; };
		6CE0D300525A353DFC8A7819 /* CharacterLabView.swift */ = {isa = PBXFileReference; lastKnownFileType = sourcecode.swift; path = CharacterLabView.swift; sourceTree = "<group>"; };
		6FDF8900D1EB67AD5FFD1038 /* ReferenceSheetView.swift */ = {isa = PBXFileReference; lastKnownFileType = sourcecode.swift; path = ReferenceSheetView.swift; sourceTree = "<group>"; };
		7169227446C80046BF27DC59 /* AssetLibraryView.swift */ = {isa = PBXFileReference; lastKnownFileType = sourcecode.swift; path = AssetLibraryView.swift; sourceTree = "<group>"; };
		7230A353C5DEF12E3E1B7E76 /* ExportsView.swift */ = {isa = PBXFileReference; lastKnownFileType = sourcecode.swift; path = ExportsView.swift; sourceTree = "<group>"; };
		76759068CF8F2E06FCC18D90 /* SidebarView.swift */ = {isa = PBXFileReference; lastKnownFileType = sourcecode.swift; path = SidebarView.swift; sourceTree = "<group>"; };
		779E36CA9828B2690DA4F669 /* ShotLibraryPanel.swift */ = {isa = PBXFileReference; lastKnownFileType = sourcecode.swift; path = ShotLibraryPanel.swift; sourceTree = "<group>"; };
		790CC7A590B10A287972B40D /* SceneBuilderView.swift */ = {isa = PBXFileReference; lastKnownFileType = sourcecode.swift; path = SceneBuilderView.swift; sourceTree = "<group>"; };
		7DBD3D60C4F98BE7E557FF39 /* StoryForgeViewModel.swift */ = {isa = PBXFileReference; lastKnownFileType = sourcecode.swift; path = StoryForgeViewModel.swift; sourceTree = "<group>"; };
		7FE9F0D8CDED5AB9341FBD40 /* CharacterStore.swift */ = {isa = PBXFileReference; lastKnownFileType = sourcecode.swift; path = CharacterStore.swift; sourceTree = "<group>"; };
		85A4530F5AB5E6DCDB635C61 /* RootView.swift */ = {isa = PBXFileReference; lastKnownFileType = sourcecode.swift; path = RootView.swift; sourceTree = "<group>"; };
		8A5B3CAC4CC561CCA2792ED4 /* StoryForgeView.swift */ = {isa = PBXFileReference; lastKnownFileType = sourcecode.swift; path = StoryForgeView.swift; sourceTree = "<group>"; };
		8C7F45B899AFD3BEA1B3CBC9 /* AssetLibraryModels.swift */ = {isa = PBXFileReference; lastKnownFileType = sourcecode.swift; path = AssetLibraryModels.swift; sourceTree = "<group>"; };
		905F4BDBDB42EABA9C6BB8D9 /* WantVsNeedPanel.swift */ = {isa = PBXFileReference; lastKnownFileType = sourcecode.swift; path = WantVsNeedPanel.swift; sourceTree = "<group>"; };
		9163453FD13E37DC54D80580 /* AssetGridView.swift */ = {isa = PBXFileReference; lastKnownFileType = sourcecode.swift; path = AssetGridView.swift; sourceTree = "<group>"; };
		91907C76B1873FB713267A5F /* CharacterLabViewModel.swift */ = {isa = PBXFileReference; lastKnownFileType = sourcecode.swift; path = CharacterLabViewModel.swift; sourceTree = "<group>"; };
		9700253081D8DBAC4AC82AA1 /* SceneBuilderModels.swift */ = {isa = PBXFileReference; lastKnownFileType = sourcecode.swift; path = SceneBuilderModels.swift; sourceTree = "<group>"; };
		9D42572AB4278A3CA326C1A8 /* ExportTargetCard.swift */ = {isa = PBXFileReference; lastKnownFileType = sourcecode.swift; path = ExportTargetCard.swift; sourceTree = "<group>"; };
		A257DD4F9E660BE9793F14FE /* Assets.xcassets */ = {isa = PBXFileReference; lastKnownFileType = folder.assetcatalog; path = Assets.xcassets; sourceTree = "<group>"; };
		A513C63714A94F2CF8C978D2 /* ExportHistoryList.swift */ = {isa = PBXFileReference; lastKnownFileType = sourcecode.swift; path = ExportHistoryList.swift; sourceTree = "<group>"; };
		A9EA3FD42B31F9B1E146D11C /* FinalizedCharacterView.swift */ = {isa = PBXFileReference; lastKnownFileType = sourcecode.swift; path = FinalizedCharacterView.swift; sourceTree = "<group>"; };
		ABFA92A081040832E1DEBAFC /* VideoRendererView.swift */ = {isa = PBXFileReference; lastKnownFileType = sourcecode.swift; path = VideoRendererView.swift; sourceTree = "<group>"; };
		ACB02EB9477D860FFB55C7F7 /* TimelineView.swift */ = {isa = PBXFileReference; lastKnownFileType = sourcecode.swift; path = TimelineView.swift; sourceTree = "<group>"; };
		BBDEC2683631A214E1CE9E27 /* SceneBuilderViewModel.swift */ = {isa = PBXFileReference; lastKnownFileType = sourcecode.swift; path = SceneBuilderViewModel.swift; sourceTree = "<group>"; };
		C34AE7A5A4ED209DDEFA3324 /* ExportsViewModel.swift */ = {isa = PBXFileReference; lastKnownFileType = sourcecode.swift; path = ExportsViewModel.swift; sourceTree = "<group>"; };
		C64D6604C8B8D1A32FDA658C /* StoryboardViewModel.swift */ = {isa = PBXFileReference; lastKnownFileType = sourcecode.swift; path = StoryboardViewModel.swift; sourceTree = "<group>"; };
		C771D89C5C413AFCD1FF45A5 /* BeatSheetView.swift */ = {isa = PBXFileReference; lastKnownFileType = sourcecode.swift; path = BeatSheetView.swift; sourceTree = "<group>"; };
		D202A7239C33290199AE8215 /* HomeComponents.swift */ = {isa = PBXFileReference; lastKnownFileType = sourcecode.swift; path = HomeComponents.swift; sourceTree = "<group>"; };
		D36CCA281FE2E5C8D861703B /* Info.plist */ = {isa = PBXFileReference; lastKnownFileType = text.plist; path = Info.plist; sourceTree = "<group>"; };
		D438C0B50BCB131567E223E7 /* VideoRendererModels.swift */ = {isa = PBXFileReference; lastKnownFileType = sourcecode.swift; path = VideoRendererModels.swift; sourceTree = "<group>"; };
		D9853233341AACB1CB9A71CD /* PlaceholderView.swift */ = {isa = PBXFileReference; lastKnownFileType = sourcecode.swift; path = PlaceholderView.swift; sourceTree = "<group>"; };
		DF4BC2A442FA4DD984079C15 /* SequenceGridView.swift */ = {isa = PBXFileReference; lastKnownFileType = sourcecode.swift; path = SequenceGridView.swift; sourceTree = "<group>"; };
		E09938CED6EEC08DD58EE0F5 /* CharacterWorkspaceView.swift */ = {isa = PBXFileReference; lastKnownFileType = sourcecode.swift; path = CharacterWorkspaceView.swift; sourceTree = "<group>"; };
		FFCC80BEE94CE861EA8A4E0B /* Models.swift */ = {isa = PBXFileReference; lastKnownFileType = sourcecode.swift; path = Models.swift; sourceTree = "<group>"; };
/* End PBXFileReference section */

/* Begin PBXGroup section */
		02270A4D612B10E3877B5662 /* CharacterLab */ = {
			isa = PBXGroup;
			children = (
				6CE0D300525A353DFC8A7819 /* CharacterLabView.swift */,
				91907C76B1873FB713267A5F /* CharacterLabViewModel.swift */,
				E09938CED6EEC08DD58EE0F5 /* CharacterWorkspaceView.swift */,
				A9EA3FD42B31F9B1E146D11C /* FinalizedCharacterView.swift */,
				69149F2885DA454FF7A556BA /* NewCharacterSheet.swift */,
				6FDF8900D1EB67AD5FFD1038 /* ReferenceSheetView.swift */,
			);
			path = CharacterLab;
			sourceTree = "<group>";
		};
		02F77230C6D0EA513322AB41 /* Shared */ = {
			isa = PBXGroup;
			children = (
				531F81FCB48D80FAA0A34132 /* CollapsiblePane.swift */,
			);
			path = Shared;
			sourceTree = "<group>";
		};
		21573A825E1E37461598D0C0 /* VideoRenderer */ = {
			isa = PBXGroup;
			children = (
				3A731252C8E8E5A82BCA59C1 /* CutSuggestionsList.swift */,
				487946A99EA11ADD0391DB89 /* MotionControlsPanel.swift */,
				ACB02EB9477D860FFB55C7F7 /* TimelineView.swift */,
				ABFA92A081040832E1DEBAFC /* VideoRendererView.swift */,
				265623AA8D68BC8CA43528BC /* VideoRendererViewModel.swift */,
			);
			path = VideoRenderer;
			sourceTree = "<group>";
		};
		22CD9E4E679169BFA3B890AA /* Exports */ = {
			isa = PBXGroup;
			children = (
				A513C63714A94F2CF8C978D2 /* ExportHistoryList.swift */,
				7230A353C5DEF12E3E1B7E76 /* ExportsView.swift */,
				C34AE7A5A4ED209DDEFA3324 /* ExportsViewModel.swift */,
				9D42572AB4278A3CA326C1A8 /* ExportTargetCard.swift */,
			);
			path = Exports;
			sourceTree = "<group>";
		};
		52FD87BA54D152C397EFE83C /* Products */ = {
			isa = PBXGroup;
			children = (
				0F1E4F240AF3F87FE6D8F75B /* maritime.app */,
			);
			name = Products;
			sourceTree = "<group>";
		};
		7C3F7399FCD5A46F337D3773 /* Models */ = {
			isa = PBXGroup;
			children = (
				8C7F45B899AFD3BEA1B3CBC9 /* AssetLibraryModels.swift */,
				5C85B39767AF954D9B81E054 /* CharacterLabModels.swift */,
				7FE9F0D8CDED5AB9341FBD40 /* CharacterStore.swift */,
				10F2860DA7BEBD39382CC396 /* ExportsModels.swift */,
				FFCC80BEE94CE861EA8A4E0B /* Models.swift */,
				9700253081D8DBAC4AC82AA1 /* SceneBuilderModels.swift */,
				07818DA4D68E9F90EB249D2E /* StoryboardModels.swift */,
				59E2D7FEDA09CE2E33D0C66B /* StoryForgeModels.swift */,
				D438C0B50BCB131567E223E7 /* VideoRendererModels.swift */,
			);
			path = Models;
			sourceTree = "<group>";
		};
		7D59425C2C354F9FE3CBB10D /* App */ = {
			isa = PBXGroup;
			children = (
				68DEF5552DCBE1E4C5352EE6 /* MovieBlazeApp.swift */,
				557F7455FFC01965AA7A316D /* Theme.swift */,
			);
			path = App;
			sourceTree = "<group>";
		};
		91C14B64A3E2C6DAFAFAF101 /* AssetLibrary */ = {
			isa = PBXGroup;
			children = (
				51EF76E034C4C55BC5F4DCD6 /* AssetDetailPanel.swift */,
				9163453FD13E37DC54D80580 /* AssetGridView.swift */,
				7169227446C80046BF27DC59 /* AssetLibraryView.swift */,
				4396AF3B65CB2C741B89C536 /* AssetLibraryViewModel.swift */,
			);
			path = AssetLibrary;
			sourceTree = "<group>";
		};
		A87EAB47587EAC8319611EBF /* Views */ = {
			isa = PBXGroup;
			children = (
				D202A7239C33290199AE8215 /* HomeComponents.swift */,
				1E6397C9F24ED3AE8DD1E653 /* HomeView.swift */,
				D9853233341AACB1CB9A71CD /* PlaceholderView.swift */,
				85A4530F5AB5E6DCDB635C61 /* RootView.swift */,
				76759068CF8F2E06FCC18D90 /* SidebarView.swift */,
				91C14B64A3E2C6DAFAFAF101 /* AssetLibrary */,
				02270A4D612B10E3877B5662 /* CharacterLab */,
				22CD9E4E679169BFA3B890AA /* Exports */,
				BA10AC88B50F3DC2144B5155 /* SceneBuilder */,
				02F77230C6D0EA513322AB41 /* Shared */,
				C7D138127F8C0FEE1F14DF44 /* Storyboard */,
				E76C802FC833B130316E1328 /* StoryForge */,
				21573A825E1E37461598D0C0 /* VideoRenderer */,
			);
			path = Views;
			sourceTree = "<group>";
		};
		BA10AC88B50F3DC2144B5155 /* SceneBuilder */ = {
			isa = PBXGroup;
			children = (
				790CC7A590B10A287972B40D /* SceneBuilderView.swift */,
				BBDEC2683631A214E1CE9E27 /* SceneBuilderViewModel.swift */,
				2B89B3DCD47A1CB81FAFEA99 /* SceneCanvasView.swift */,
				2BBD72237DC0E09D6CB30AF7 /* ScenePanelsView.swift */,
			);
			path = SceneBuilder;
			sourceTree = "<group>";
		};
		C7D138127F8C0FEE1F14DF44 /* Storyboard */ = {
			isa = PBXGroup;
			children = (
				5CE4A13E852C20AD8BF59EEA /* RhythmTimingBar.swift */,
				DF4BC2A442FA4DD984079C15 /* SequenceGridView.swift */,
				779E36CA9828B2690DA4F669 /* ShotLibraryPanel.swift */,
				1C2311848715BF7F1D83C3C3 /* StoryboardView.swift */,
				C64D6604C8B8D1A32FDA658C /* StoryboardViewModel.swift */,
			);
			path = Storyboard;
			sourceTree = "<group>";
		};
		E76C802FC833B130316E1328 /* StoryForge */ = {
			isa = PBXGroup;
			children = (
				C771D89C5C413AFCD1FF45A5 /* BeatSheetView.swift */,
				8A5B3CAC4CC561CCA2792ED4 /* StoryForgeView.swift */,
				7DBD3D60C4F98BE7E557FF39 /* StoryForgeViewModel.swift */,
				645A740F6A5A97B8E77E7E52 /* ThemeMotifRail.swift */,
				905F4BDBDB42EABA9C6BB8D9 /* WantVsNeedPanel.swift */,
			);
			path = StoryForge;
			sourceTree = "<group>";
		};
		FC345D58CE90335EDD800C3D = {
			isa = PBXGroup;
			children = (
				FF56045B3DB77EB6A910D115 /* maritime */,
				52FD87BA54D152C397EFE83C /* Products */,
			);
			sourceTree = "<group>";
		};
		FF56045B3DB77EB6A910D115 /* maritime */ = {
			isa = PBXGroup;
			children = (
				A257DD4F9E660BE9793F14FE /* Assets.xcassets */,
				D36CCA281FE2E5C8D861703B /* Info.plist */,
				0EBB09B2A3C396CFDD0B9482 /* maritime.entitlements */,
				7D59425C2C354F9FE3CBB10D /* App */,
				7C3F7399FCD5A46F337D3773 /* Models */,
				A87EAB47587EAC8319611EBF /* Views */,
			);
			path = maritime;
			sourceTree = "<group>";
		};
/* End PBXGroup section */

/* Begin PBXNativeTarget section */
		A773161BFE77653571A253DF /* maritime */ = {
			isa = PBXNativeTarget;
			buildConfigurationList = A51A2A7CFA1B4601EF302B5D /* Build configuration list for PBXNativeTarget "maritime" */;
			buildPhases = (
				8EE5724EE1C987B998E07185 /* Sources */,
				3D0F69F897DC563313DB8621 /* Resources */,
			);
			buildRules = (
			);
			dependencies = (
			);
			name = maritime;
			packageProductDependencies = (
			);
			productName = maritime;
			productReference = 0F1E4F240AF3F87FE6D8F75B /* maritime.app */;
			productType = "com.apple.product-type.application";
		};
/* End PBXNativeTarget section */

/* Begin PBXProject section */
		083212E02C08537B0B070DE4 /* Project object */ = {
			isa = PBXProject;
			attributes = {
				BuildIndependentTargetsInParallel = YES;
				LastUpgradeCheck = 1430;
				TargetAttributes = {
				};
			};
			buildConfigurationList = 752241947350EBF2C1959977 /* Build configuration list for PBXProject "maritime" */;
			developmentRegion = en;
			hasScannedForEncodings = 0;
			knownRegions = (
				Base,
				en,
			);
			mainGroup = FC345D58CE90335EDD800C3D;
			minimizedProjectReferenceProxies = 1;
			preferredProjectObjectVersion = 77;
			productRefGroup = 52FD87BA54D152C397EFE83C /* Products */;
			projectDirPath = "";
			projectRoot = "";
			targets = (
				A773161BFE77653571A253DF /* maritime */,
			);
		};
/* End PBXProject section */

/* Begin PBXResourcesBuildPhase section */
		3D0F69F897DC563313DB8621 /* Resources */ = {
			isa = PBXResourcesBuildPhase;
			buildActionMask = 2147483647;
			files = (
				CC5CF07CB7285F84C7CF8493 /* Assets.xcassets in Resources */,
			);
			runOnlyForDeploymentPostprocessing = 0;
		};
/* End PBXResourcesBuildPhase section */

/* Begin PBXSourcesBuildPhase section */
		8EE5724EE1C987B998E07185 /* Sources */ = {
			isa = PBXSourcesBuildPhase;
			buildActionMask = 2147483647;
			files = (
				767B0683BE78280E6F860807 /* AssetDetailPanel.swift in Sources */,
				86B584AC8302EA5553754515 /* AssetGridView.swift in Sources */,
				953AAA99DD9569F20B5C4289 /* AssetLibraryModels.swift in Sources */,
				B3F24A87DD7CB8968FE50BC1 /* AssetLibraryView.swift in Sources */,
				86C65B51BAC127E8DC6EE615 /* AssetLibraryViewModel.swift in Sources */,
				BC08B2BE9A60AFEFA1DEFEDF /* BeatSheetView.swift in Sources */,
				0017D1C3E352F93536FA77DB /* CharacterLabModels.swift in Sources */,
				38F5678955E1E6C55317BD36 /* CharacterLabView.swift in Sources */,
				146F05F4C74FF53B68DF5A9E /* CharacterLabViewModel.swift in Sources */,
				4F8044B155E5D22358C13BFC /* CharacterStore.swift in Sources */,
				F70FFA9DCCBBAB4AF4610AAE /* CharacterWorkspaceView.swift in Sources */,
				DCE6A53FCC91BE70A12DB813 /* CollapsiblePane.swift in Sources */,
				3A36013CB46D6547BCA0BD5E /* CutSuggestionsList.swift in Sources */,
				E2E3BB5B2EDDFC9182066F62 /* ExportHistoryList.swift in Sources */,
				9222187CA48DCAC3ED52B8FD /* ExportTargetCard.swift in Sources */,
				BC774BAB2B8908B2F9A75791 /* ExportsModels.swift in Sources */,
				807FBBA7CD985F88EBE6A545 /* ExportsView.swift in Sources */,
				F1179E9398605BAC938947B9 /* ExportsViewModel.swift in Sources */,
				99B4C59FA1927C3EC94F7106 /* FinalizedCharacterView.swift in Sources */,
				6DADB0E129F26DEE5F252D79 /* HomeComponents.swift in Sources */,
				0A25B10019A8C0BEC9BA70F5 /* HomeView.swift in Sources */,
				A3FB5C948FE28081C4FFBB3A /* Models.swift in Sources */,
				4AECCF9BEA20FD8B8A4498B9 /* MotionControlsPanel.swift in Sources */,
				6619014A4682241661AAE757 /* MovieBlazeApp.swift in Sources */,
				41593C4F838B92F21B4AA708 /* NewCharacterSheet.swift in Sources */,
				685F6EA3273DB161940A4408 /* PlaceholderView.swift in Sources */,
				A90C421F76736620129E5516 /* ReferenceSheetView.swift in Sources */,
				4F782F133F82CBE0BB848B99 /* RhythmTimingBar.swift in Sources */,
				D45E8A2D169622A3EC1DD9F6 /* RootView.swift in Sources */,
				0DBAE2E3CDA39893DC4F2086 /* SceneBuilderModels.swift in Sources */,
				1E792C6BA48ADBFB04E6951F /* SceneBuilderView.swift in Sources */,
				CFCAADD3D3C032CB1ACB2C2C /* SceneBuilderViewModel.swift in Sources */,
				D3FAA51AD8B7F31D0C2381F4 /* SceneCanvasView.swift in Sources */,
				E10FDFDD7E917EBEBE82198C /* ScenePanelsView.swift in Sources */,
				7F38919569AE20A2C05E529B /* SequenceGridView.swift in Sources */,
				CDA36404E6959E4B846B513A /* ShotLibraryPanel.swift in Sources */,
				09DAA95FB53A52DBB819697E /* SidebarView.swift in Sources */,
				77EC430EAAA168D6E6C64E27 /* StoryForgeModels.swift in Sources */,
				07F7A27D0390ED99C0C9D619 /* StoryForgeView.swift in Sources */,
				67B99DC2320479319DD1A7B7 /* StoryForgeViewModel.swift in Sources */,
				58CD94E4EDA7B0EB2E3976F6 /* StoryboardModels.swift in Sources */,
				774FB8BD910B7D6B26DA602C /* StoryboardView.swift in Sources */,
				2155656647FAB763C6E14F89 /* StoryboardViewModel.swift in Sources */,
				4BCE350DE8B48A6C08781168 /* Theme.swift in Sources */,
				5922A80CD82CE28A0186A7D4 /* ThemeMotifRail.swift in Sources */,
				0F638C7CC82E644DCDA8D262 /* TimelineView.swift in Sources */,
				616FF3ADDB80DA670B732060 /* VideoRendererModels.swift in Sources */,
				9221C9080653A0D5CA7C9928 /* VideoRendererView.swift in Sources */,
				80696CE5707EC736347F2AA0 /* VideoRendererViewModel.swift in Sources */,
				20FB339740DD26BF59F2D030 /* WantVsNeedPanel.swift in Sources */,
			);
			runOnlyForDeploymentPostprocessing = 0;
		};
/* End PBXSourcesBuildPhase section */

/* Begin XCBuildConfiguration section */
		08FDFCC180A2AE8A820974C0 /* Release */ = {
			isa = XCBuildConfiguration;
			buildSettings = {
				ALWAYS_SEARCH_USER_PATHS = NO;
				ASSETCATALOG_COMPILER_APPICON_NAME = AppIcon;
				CLANG_ANALYZER_NONNULL = YES;
				CLANG_ANALYZER_NUMBER_OBJECT_CONVERSION = YES_AGGRESSIVE;
				CLANG_CXX_LANGUAGE_STANDARD = "gnu++14";
				CLANG_CXX_LIBRARY = "libc++";
				CLANG_ENABLE_MODULES = YES;
				CLANG_ENABLE_OBJC_ARC = YES;
				CLANG_ENABLE_OBJC_WEAK = YES;
				CLANG_WARN_BLOCK_CAPTURE_AUTORELEASING = YES;
				CLANG_WARN_BOOL_CONVERSION = YES;
				CLANG_WARN_COMMA = YES;
				CLANG_WARN_CONSTANT_CONVERSION = YES;
				CLANG_WARN_DEPRECATED_OBJC_IMPLEMENTATIONS = YES;
				CLANG_WARN_DIRECT_OBJC_ISA_USAGE = YES_ERROR;
				CLANG_WARN_DOCUMENTATION_COMMENTS = YES;
				CLANG_WARN_EMPTY_BODY = YES;
				CLANG_WARN_ENUM_CONVERSION = YES;
				CLANG_WARN_INFINITE_RECURSION = YES;
				CLANG_WARN_INT_CONVERSION = YES;
				CLANG_WARN_NON_LITERAL_NULL_CONVERSION = YES;
				CLANG_WARN_OBJC_IMPLICIT_RETAIN_SELF = YES;
				CLANG_WARN_OBJC_LITERAL_CONVERSION = YES;
				CLANG_WARN_OBJC_ROOT_CLASS = YES_ERROR;
				CLANG_WARN_QUOTED_INCLUDE_IN_FRAMEWORK_HEADER = YES;
				CLANG_WARN_RANGE_LOOP_ANALYSIS = YES;
				CLANG_WARN_STRICT_PROTOTYPES = YES;
				CLANG_WARN_SUSPICIOUS_MOVE = YES;
				CLANG_WARN_UNGUARDED_AVAILABILITY = YES_AGGRESSIVE;
				CLANG_WARN_UNREACHABLE_CODE = YES;
				CLANG_WARN__DUPLICATE_METHOD_MATCH = YES;
				COPY_PHASE_STRIP = NO;
				CURRENT_PROJECT_VERSION = 1;
				DEBUG_INFORMATION_FORMAT = "dwarf-with-dsym";
				ENABLE_NS_ASSERTIONS = NO;
				ENABLE_STRICT_OBJC_MSGSEND = YES;
				GCC_C_LANGUAGE_STANDARD = gnu11;
				GCC_NO_COMMON_BLOCKS = YES;
				GCC_WARN_64_TO_32_BIT_CONVERSION = YES;
				GCC_WARN_ABOUT_RETURN_TYPE = YES_ERROR;
				GCC_WARN_UNDECLARED_SELECTOR = YES;
				GCC_WARN_UNINITIALIZED_AUTOS = YES_AGGRESSIVE;
				GCC_WARN_UNUSED_FUNCTION = YES;
				GCC_WARN_UNUSED_VARIABLE = YES;
				MACOSX_DEPLOYMENT_TARGET = 14.0;
				MARKETING_VERSION = 1.0;
				MTL_ENABLE_DEBUG_INFO = NO;
				MTL_FAST_MATH = YES;
				PRODUCT_BUNDLE_IDENTIFIER = com.example.maritime;
				PRODUCT_NAME = maritime;
				SDKROOT = macosx;
				SUPPORTED_PLATFORMS = macosx;
				SWIFT_COMPILATION_MODE = wholemodule;
				SWIFT_OPTIMIZATION_LEVEL = "-O";
				SWIFT_VERSION = 5.0;
			};
			name = Release;
		};
		2811BA27F37A39CC59CDECC7 /* Release */ = {
			isa = XCBuildConfiguration;
			buildSettings = {
				ASSETCATALOG_COMPILER_APPICON_NAME = AppIcon;
				CODE_SIGN_ENTITLEMENTS = maritime/maritime.entitlements;
				COMBINE_HIDPI_IMAGES = YES;
				INFOPLIST_FILE = maritime/Info.plist;
				LD_RUNPATH_SEARCH_PATHS = (
					"$(inherited)",
					"@executable_path/../Frameworks",
				);
				MACOSX_DEPLOYMENT_TARGET = 14.0;
				SDKROOT = macosx;
			};
			name = Release;
		};
		900B97C948D3BA970592F62D /* Debug */ = {
			isa = XCBuildConfiguration;
			buildSettings = {
				ASSETCATALOG_COMPILER_APPICON_NAME = AppIcon;
				CODE_SIGN_ENTITLEMENTS = maritime/maritime.entitlements;
				COMBINE_HIDPI_IMAGES = YES;
				INFOPLIST_FILE = maritime/Info.plist;
				LD_RUNPATH_SEARCH_PATHS = (
					"$(inherited)",
					"@executable_path/../Frameworks",
				);
				MACOSX_DEPLOYMENT_TARGET = 14.0;
				SDKROOT = macosx;
			};
			name = Debug;
		};
		E0469E795E3E9C62F6EACC57 /* Debug */ = {
			isa = XCBuildConfiguration;
			buildSettings = {
				ALWAYS_SEARCH_USER_PATHS = NO;
				ASSETCATALOG_COMPILER_APPICON_NAME = AppIcon;
				CLANG_ANALYZER_NONNULL = YES;
				CLANG_ANALYZER_NUMBER_OBJECT_CONVERSION = YES_AGGRESSIVE;
				CLANG_CXX_LANGUAGE_STANDARD = "gnu++14";
				CLANG_CXX_LIBRARY = "libc++";
				CLANG_ENABLE_MODULES = YES;
				CLANG_ENABLE_OBJC_ARC = YES;
				CLANG_ENABLE_OBJC_WEAK = YES;
				CLANG_WARN_BLOCK_CAPTURE_AUTORELEASING = YES;
				CLANG_WARN_BOOL_CONVERSION = YES;
				CLANG_WARN_COMMA = YES;
				CLANG_WARN_CONSTANT_CONVERSION = YES;
				CLANG_WARN_DEPRECATED_OBJC_IMPLEMENTATIONS = YES;
				CLANG_WARN_DIRECT_OBJC_ISA_USAGE = YES_ERROR;
				CLANG_WARN_DOCUMENTATION_COMMENTS = YES;
				CLANG_WARN_EMPTY_BODY = YES;
				CLANG_WARN_ENUM_CONVERSION = YES;
				CLANG_WARN_INFINITE_RECURSION = YES;
				CLANG_WARN_INT_CONVERSION = YES;
				CLANG_WARN_NON_LITERAL_NULL_CONVERSION = YES;
				CLANG_WARN_OBJC_IMPLICIT_RETAIN_SELF = YES;
				CLANG_WARN_OBJC_LITERAL_CONVERSION = YES;
				CLANG_WARN_OBJC_ROOT_CLASS = YES_ERROR;
				CLANG_WARN_QUOTED_INCLUDE_IN_FRAMEWORK_HEADER = YES;
				CLANG_WARN_RANGE_LOOP_ANALYSIS = YES;
				CLANG_WARN_STRICT_PROTOTYPES = YES;
				CLANG_WARN_SUSPICIOUS_MOVE = YES;
				CLANG_WARN_UNGUARDED_AVAILABILITY = YES_AGGRESSIVE;
				CLANG_WARN_UNREACHABLE_CODE = YES;
				CLANG_WARN__DUPLICATE_METHOD_MATCH = YES;
				COPY_PHASE_STRIP = NO;
				CURRENT_PROJECT_VERSION = 1;
				DEBUG_INFORMATION_FORMAT = dwarf;
				ENABLE_STRICT_OBJC_MSGSEND = YES;
				ENABLE_TESTABILITY = YES;
				GCC_C_LANGUAGE_STANDARD = gnu11;
				GCC_DYNAMIC_NO_PIC = NO;
				GCC_NO_COMMON_BLOCKS = YES;
				GCC_OPTIMIZATION_LEVEL = 0;
				GCC_PREPROCESSOR_DEFINITIONS = (
					"$(inherited)",
					"DEBUG=1",
				);
				GCC_WARN_64_TO_32_BIT_CONVERSION = YES;
				GCC_WARN_ABOUT_RETURN_TYPE = YES_ERROR;
				GCC_WARN_UNDECLARED_SELECTOR = YES;
				GCC_WARN_UNINITIALIZED_AUTOS = YES_AGGRESSIVE;
				GCC_WARN_UNUSED_FUNCTION = YES;
				GCC_WARN_UNUSED_VARIABLE = YES;
				MACOSX_DEPLOYMENT_TARGET = 14.0;
				MARKETING_VERSION = 1.0;
				MTL_ENABLE_DEBUG_INFO = INCLUDE_SOURCE;
				MTL_FAST_MATH = YES;
				ONLY_ACTIVE_ARCH = YES;
				PRODUCT_BUNDLE_IDENTIFIER = com.example.maritime;
				PRODUCT_NAME = maritime;
				SDKROOT = macosx;
				SUPPORTED_PLATFORMS = macosx;
				SWIFT_ACTIVE_COMPILATION_CONDITIONS = DEBUG;
				SWIFT_OPTIMIZATION_LEVEL = "-Onone";
				SWIFT_VERSION = 5.0;
			};
			name = Debug;
		};
/* End XCBuildConfiguration section */

/* Begin XCConfigurationList section */
		752241947350EBF2C1959977 /* Build configuration list for PBXProject "maritime" */ = {
			isa = XCConfigurationList;
			buildConfigurations = (
				E0469E795E3E9C62F6EACC57 /* Debug */,
				08FDFCC180A2AE8A820974C0 /* Release */,
			);
			defaultConfigurationIsVisible = 0;
			defaultConfigurationName = Debug;
		};
		A51A2A7CFA1B4601EF302B5D /* Build configuration list for PBXNativeTarget "maritime" */ = {
			isa = XCConfigurationList;
			buildConfigurations = (
				900B97C948D3BA970592F62D /* Debug */,
				2811BA27F37A39CC59CDECC7 /* Release */,
			);
			defaultConfigurationIsVisible = 0;
			defaultConfigurationName = Debug;
		};
/* End XCConfigurationList section */
	};
	rootObject = 083212E02C08537B0B070DE4 /* Project object */;
}
