// !$*UTF8*$!
{
	archiveVersion = 1;
	classes = {
	};
	objectVersion = 77;
	objects = {

/* Begin PBXBuildFile section */
		2036547C13C7C6720E751EDF /* CharacterWorkspaceView.swift in Sources */ = {isa = PBXBuildFile; fileRef = BB8EBA2D6D8D79928C938DA7 /* CharacterWorkspaceView.swift */; };
		214A26ACC2A5F743311B18F1 /* CharacterLabViewModel.swift in Sources */ = {isa = PBXBuildFile; fileRef = 2910CE05BF8B785CD8450B20 /* CharacterLabViewModel.swift */; };
		2810D30AC3F9AC1080886EEC /* SceneCanvasView.swift in Sources */ = {isa = PBXBuildFile; fileRef = AE8AA6B116B433209C649F87 /* SceneCanvasView.swift */; };
		3055AC85B03F69D729880D5A /* FinalizedCharacterView.swift in Sources */ = {isa = PBXBuildFile; fileRef = EEC037045C80662CED83FC23 /* FinalizedCharacterView.swift */; };
		35CE7F86D1963F85A41DD3EE /* ReferenceSheetView.swift in Sources */ = {isa = PBXBuildFile; fileRef = CC20ED3919D5336F9CE03A8B /* ReferenceSheetView.swift */; };
		3AB524012B0E873DF3BBD6E9 /* CharacterStore.swift in Sources */ = {isa = PBXBuildFile; fileRef = F9EE6937A85948D77C142EAD /* CharacterStore.swift */; };
		5622E5524A9A99CAAD189605 /* SidebarView.swift in Sources */ = {isa = PBXBuildFile; fileRef = FB1E9B565DD371505A805872 /* SidebarView.swift */; };
		5D32918F829F4A26D7B0D7FC /* SceneBuilderView.swift in Sources */ = {isa = PBXBuildFile; fileRef = 89878B8F5128674B8FFA90F1 /* SceneBuilderView.swift */; };
		605C41DEE1FD8CB8B3AC7DD1 /* Assets.xcassets in Resources */ = {isa = PBXBuildFile; fileRef = E8305671841AC8913E13F91F /* Assets.xcassets */; };
		687BFEF81686A4BD81EFA7E8 /* HomeView.swift in Sources */ = {isa = PBXBuildFile; fileRef = 940D1A44642A22DC36A2A3E4 /* HomeView.swift */; };
		80F5B42FCEC5FCD3D42B0A41 /* MovieBlazeApp.swift in Sources */ = {isa = PBXBuildFile; fileRef = 116F0CF6A3B2091850ABF3FF /* MovieBlazeApp.swift */; };
		82BE1A3E80F4D8897E556CDA /* CharacterLabModels.swift in Sources */ = {isa = PBXBuildFile; fileRef = 8272529C9C71948D8B57F865 /* CharacterLabModels.swift */; };
		8A9911629BEDFCC8FE7E2604 /* SceneBuilderModels.swift in Sources */ = {isa = PBXBuildFile; fileRef = 10F553B4970DB4156192F10B /* SceneBuilderModels.swift */; };
		8DE08E5CAAE4E7C330F152E7 /* ScenePanelsView.swift in Sources */ = {isa = PBXBuildFile; fileRef = 013F62D6190969AB4682B640 /* ScenePanelsView.swift */; };
		9C025C5422B2BFFBABE0ACF9 /* CharacterLabView.swift in Sources */ = {isa = PBXBuildFile; fileRef = 746BEBA2CFD44C66DCD5E201 /* CharacterLabView.swift */; };
		BBFC21D2FBC10600EF9ABC2A /* Models.swift in Sources */ = {isa = PBXBuildFile; fileRef = 9F2A5BFABCB24A4C64B48146 /* Models.swift */; };
		D3B4180AA314ED520F433D91 /* RootView.swift in Sources */ = {isa = PBXBuildFile; fileRef = 4544204A893760281CE274E0 /* RootView.swift */; };
		D690064513D6C4725118B186 /* SceneBuilderViewModel.swift in Sources */ = {isa = PBXBuildFile; fileRef = CD90ACE161E93BBF0242C1E0 /* SceneBuilderViewModel.swift */; };
		F3F8349B08ED44A05A6C7DEA /* NewCharacterSheet.swift in Sources */ = {isa = PBXBuildFile; fileRef = C0B5DABCFCD2F0ADC63C0383 /* NewCharacterSheet.swift */; };
		F68C0F4108226FA72FB2FCB0 /* Theme.swift in Sources */ = {isa = PBXBuildFile; fileRef = 7E5D68E51AFF0A3CC3F9C89D /* Theme.swift */; };
		FAA509018690A5F086821B72 /* HomeComponents.swift in Sources */ = {isa = PBXBuildFile; fileRef = D7E5C4C32D8FE410A833F608 /* HomeComponents.swift */; };
		FF8E626C0C88540DD460EE7A /* PlaceholderView.swift in Sources */ = {isa = PBXBuildFile; fileRef = D386F6797F544D40EF6692CD /* PlaceholderView.swift */; };
/* End PBXBuildFile section */

/* Begin PBXFileReference section */
		013F62D6190969AB4682B640 /* ScenePanelsView.swift */ = {isa = PBXFileReference; lastKnownFileType = sourcecode.swift; path = ScenePanelsView.swift; sourceTree = "<group>"; };
		10F553B4970DB4156192F10B /* SceneBuilderModels.swift */ = {isa = PBXFileReference; lastKnownFileType = sourcecode.swift; path = SceneBuilderModels.swift; sourceTree = "<group>"; };
		116F0CF6A3B2091850ABF3FF /* MovieBlazeApp.swift */ = {isa = PBXFileReference; lastKnownFileType = sourcecode.swift; path = MovieBlazeApp.swift; sourceTree = "<group>"; };
		2910CE05BF8B785CD8450B20 /* CharacterLabViewModel.swift */ = {isa = PBXFileReference; lastKnownFileType = sourcecode.swift; path = CharacterLabViewModel.swift; sourceTree = "<group>"; };
		4544204A893760281CE274E0 /* RootView.swift */ = {isa = PBXFileReference; lastKnownFileType = sourcecode.swift; path = RootView.swift; sourceTree = "<group>"; };
		746BEBA2CFD44C66DCD5E201 /* CharacterLabView.swift */ = {isa = PBXFileReference; lastKnownFileType = sourcecode.swift; path = CharacterLabView.swift; sourceTree = "<group>"; };
		7CBF65A596F61625BB810C9A /* movie-blaze.entitlements */ = {isa = PBXFileReference; lastKnownFileType = text.plist.entitlements; path = "movie-blaze.entitlements"; sourceTree = "<group>"; };
		7E5D68E51AFF0A3CC3F9C89D /* Theme.swift */ = {isa = PBXFileReference; lastKnownFileType = sourcecode.swift; path = Theme.swift; sourceTree = "<group>"; };
		8272529C9C71948D8B57F865 /* CharacterLabModels.swift */ = {isa = PBXFileReference; lastKnownFileType = sourcecode.swift; path = CharacterLabModels.swift; sourceTree = "<group>"; };
		89878B8F5128674B8FFA90F1 /* SceneBuilderView.swift */ = {isa = PBXFileReference; lastKnownFileType = sourcecode.swift; path = SceneBuilderView.swift; sourceTree = "<group>"; };
		940D1A44642A22DC36A2A3E4 /* HomeView.swift */ = {isa = PBXFileReference; lastKnownFileType = sourcecode.swift; path = HomeView.swift; sourceTree = "<group>"; };
		9F2A5BFABCB24A4C64B48146 /* Models.swift */ = {isa = PBXFileReference; lastKnownFileType = sourcecode.swift; path = Models.swift; sourceTree = "<group>"; };
		AE8AA6B116B433209C649F87 /* SceneCanvasView.swift */ = {isa = PBXFileReference; lastKnownFileType = sourcecode.swift; path = SceneCanvasView.swift; sourceTree = "<group>"; };
		BB8EBA2D6D8D79928C938DA7 /* CharacterWorkspaceView.swift */ = {isa = PBXFileReference; lastKnownFileType = sourcecode.swift; path = CharacterWorkspaceView.swift; sourceTree = "<group>"; };
		C0B5DABCFCD2F0ADC63C0383 /* NewCharacterSheet.swift */ = {isa = PBXFileReference; lastKnownFileType = sourcecode.swift; path = NewCharacterSheet.swift; sourceTree = "<group>"; };
		CC20ED3919D5336F9CE03A8B /* ReferenceSheetView.swift */ = {isa = PBXFileReference; lastKnownFileType = sourcecode.swift; path = ReferenceSheetView.swift; sourceTree = "<group>"; };
		CD90ACE161E93BBF0242C1E0 /* SceneBuilderViewModel.swift */ = {isa = PBXFileReference; lastKnownFileType = sourcecode.swift; path = SceneBuilderViewModel.swift; sourceTree = "<group>"; };
		D386F6797F544D40EF6692CD /* PlaceholderView.swift */ = {isa = PBXFileReference; lastKnownFileType = sourcecode.swift; path = PlaceholderView.swift; sourceTree = "<group>"; };
		D7E5C4C32D8FE410A833F608 /* HomeComponents.swift */ = {isa = PBXFileReference; lastKnownFileType = sourcecode.swift; path = HomeComponents.swift; sourceTree = "<group>"; };
		E8305671841AC8913E13F91F /* Assets.xcassets */ = {isa = PBXFileReference; lastKnownFileType = folder.assetcatalog; path = Assets.xcassets; sourceTree = "<group>"; };
		EDD0D29554CA4F77B528A331 /* Info.plist */ = {isa = PBXFileReference; lastKnownFileType = text.plist; path = Info.plist; sourceTree = "<group>"; };
		EEC037045C80662CED83FC23 /* FinalizedCharacterView.swift */ = {isa = PBXFileReference; lastKnownFileType = sourcecode.swift; path = FinalizedCharacterView.swift; sourceTree = "<group>"; };
		F482A64C663FFCB6E7B63F35 /* movie-blaze.app */ = {isa = PBXFileReference; explicitFileType = wrapper.application; includeInIndex = 0; path = "movie-blaze.app"; sourceTree = BUILT_PRODUCTS_DIR; };
		F9EE6937A85948D77C142EAD /* CharacterStore.swift */ = {isa = PBXFileReference; lastKnownFileType = sourcecode.swift; path = CharacterStore.swift; sourceTree = "<group>"; };
		FB1E9B565DD371505A805872 /* SidebarView.swift */ = {isa = PBXFileReference; lastKnownFileType = sourcecode.swift; path = SidebarView.swift; sourceTree = "<group>"; };
/* End PBXFileReference section */

/* Begin PBXGroup section */
		0196BCFF035B4959E2D4E29C /* App */ = {
			isa = PBXGroup;
			children = (
				116F0CF6A3B2091850ABF3FF /* MovieBlazeApp.swift */,
				7E5D68E51AFF0A3CC3F9C89D /* Theme.swift */,
			);
			path = App;
			sourceTree = "<group>";
		};
		2E58C3568DCF6FE6B86A1A5A /* Models */ = {
			isa = PBXGroup;
			children = (
				8272529C9C71948D8B57F865 /* CharacterLabModels.swift */,
				F9EE6937A85948D77C142EAD /* CharacterStore.swift */,
				9F2A5BFABCB24A4C64B48146 /* Models.swift */,
				10F553B4970DB4156192F10B /* SceneBuilderModels.swift */,
			);
			path = Models;
			sourceTree = "<group>";
		};
		30063BDE95E979DDFDB9EC86 /* SceneBuilder */ = {
			isa = PBXGroup;
			children = (
				89878B8F5128674B8FFA90F1 /* SceneBuilderView.swift */,
				CD90ACE161E93BBF0242C1E0 /* SceneBuilderViewModel.swift */,
				AE8AA6B116B433209C649F87 /* SceneCanvasView.swift */,
				013F62D6190969AB4682B640 /* ScenePanelsView.swift */,
			);
			path = SceneBuilder;
			sourceTree = "<group>";
		};
		391723DD3C6EFD6476A946FD /* movie-blaze */ = {
			isa = PBXGroup;
			children = (
				E8305671841AC8913E13F91F /* Assets.xcassets */,
				EDD0D29554CA4F77B528A331 /* Info.plist */,
				7CBF65A596F61625BB810C9A /* movie-blaze.entitlements */,
				0196BCFF035B4959E2D4E29C /* App */,
				2E58C3568DCF6FE6B86A1A5A /* Models */,
				6D65A7356A97FCCC1494CAF5 /* Views */,
			);
			path = "movie-blaze";
			sourceTree = "<group>";
		};
		5CE66F69843066ABC43C7E30 /* Products */ = {
			isa = PBXGroup;
			children = (
				F482A64C663FFCB6E7B63F35 /* movie-blaze.app */,
			);
			name = Products;
			sourceTree = "<group>";
		};
		670DC61AFFB797C8D4FA43D2 /* CharacterLab */ = {
			isa = PBXGroup;
			children = (
				746BEBA2CFD44C66DCD5E201 /* CharacterLabView.swift */,
				2910CE05BF8B785CD8450B20 /* CharacterLabViewModel.swift */,
				BB8EBA2D6D8D79928C938DA7 /* CharacterWorkspaceView.swift */,
				EEC037045C80662CED83FC23 /* FinalizedCharacterView.swift */,
				C0B5DABCFCD2F0ADC63C0383 /* NewCharacterSheet.swift */,
				CC20ED3919D5336F9CE03A8B /* ReferenceSheetView.swift */,
			);
			path = CharacterLab;
			sourceTree = "<group>";
		};
		6D65A7356A97FCCC1494CAF5 /* Views */ = {
			isa = PBXGroup;
			children = (
				D7E5C4C32D8FE410A833F608 /* HomeComponents.swift */,
				940D1A44642A22DC36A2A3E4 /* HomeView.swift */,
				D386F6797F544D40EF6692CD /* PlaceholderView.swift */,
				4544204A893760281CE274E0 /* RootView.swift */,
				FB1E9B565DD371505A805872 /* SidebarView.swift */,
				670DC61AFFB797C8D4FA43D2 /* CharacterLab */,
				30063BDE95E979DDFDB9EC86 /* SceneBuilder */,
			);
			path = Views;
			sourceTree = "<group>";
		};
		C0233CBA370850D6254280FB = {
			isa = PBXGroup;
			children = (
				391723DD3C6EFD6476A946FD /* movie-blaze */,
				5CE66F69843066ABC43C7E30 /* Products */,
			);
			sourceTree = "<group>";
		};
/* End PBXGroup section */

/* Begin PBXNativeTarget section */
		9454B4B8B0B4BB0C64A0873B /* movie-blaze */ = {
			isa = PBXNativeTarget;
			buildConfigurationList = C49AC6099DC0CA15AF574EE4 /* Build configuration list for PBXNativeTarget "movie-blaze" */;
			buildPhases = (
				53788E119A83A033019BAA89 /* Sources */,
				D03C52BE27A52BE62C29145F /* Resources */,
			);
			buildRules = (
			);
			dependencies = (
			);
			name = "movie-blaze";
			packageProductDependencies = (
			);
			productName = "movie-blaze";
			productReference = F482A64C663FFCB6E7B63F35 /* movie-blaze.app */;
			productType = "com.apple.product-type.application";
		};
/* End PBXNativeTarget section */

/* Begin PBXProject section */
		484248222F5E5D9F816A9B6D /* Project object */ = {
			isa = PBXProject;
			attributes = {
				BuildIndependentTargetsInParallel = YES;
				LastUpgradeCheck = 1430;
			};
			buildConfigurationList = 5E8F21F90CD9499DA55E60B2 /* Build configuration list for PBXProject "movie-blaze" */;
			compatibilityVersion = "Xcode 14.0";
			developmentRegion = en;
			hasScannedForEncodings = 0;
			knownRegions = (
				Base,
				en,
			);
			mainGroup = C0233CBA370850D6254280FB;
			minimizedProjectReferenceProxies = 1;
			preferredProjectObjectVersion = 77;
			projectDirPath = "";
			projectRoot = "";
			targets = (
				9454B4B8B0B4BB0C64A0873B /* movie-blaze */,
			);
		};
/* End PBXProject section */

/* Begin PBXResourcesBuildPhase section */
		D03C52BE27A52BE62C29145F /* Resources */ = {
			isa = PBXResourcesBuildPhase;
			buildActionMask = 2147483647;
			files = (
				605C41DEE1FD8CB8B3AC7DD1 /* Assets.xcassets in Resources */,
			);
			runOnlyForDeploymentPostprocessing = 0;
		};
/* End PBXResourcesBuildPhase section */

/* Begin PBXSourcesBuildPhase section */
		53788E119A83A033019BAA89 /* Sources */ = {
			isa = PBXSourcesBuildPhase;
			buildActionMask = 2147483647;
			files = (
				82BE1A3E80F4D8897E556CDA /* CharacterLabModels.swift in Sources */,
				9C025C5422B2BFFBABE0ACF9 /* CharacterLabView.swift in Sources */,
				214A26ACC2A5F743311B18F1 /* CharacterLabViewModel.swift in Sources */,
				3AB524012B0E873DF3BBD6E9 /* CharacterStore.swift in Sources */,
				2036547C13C7C6720E751EDF /* CharacterWorkspaceView.swift in Sources */,
				3055AC85B03F69D729880D5A /* FinalizedCharacterView.swift in Sources */,
				FAA509018690A5F086821B72 /* HomeComponents.swift in Sources */,
				687BFEF81686A4BD81EFA7E8 /* HomeView.swift in Sources */,
				BBFC21D2FBC10600EF9ABC2A /* Models.swift in Sources */,
				80F5B42FCEC5FCD3D42B0A41 /* MovieBlazeApp.swift in Sources */,
				F3F8349B08ED44A05A6C7DEA /* NewCharacterSheet.swift in Sources */,
				FF8E626C0C88540DD460EE7A /* PlaceholderView.swift in Sources */,
				35CE7F86D1963F85A41DD3EE /* ReferenceSheetView.swift in Sources */,
				D3B4180AA314ED520F433D91 /* RootView.swift in Sources */,
				8A9911629BEDFCC8FE7E2604 /* SceneBuilderModels.swift in Sources */,
				5D32918F829F4A26D7B0D7FC /* SceneBuilderView.swift in Sources */,
				D690064513D6C4725118B186 /* SceneBuilderViewModel.swift in Sources */,
				2810D30AC3F9AC1080886EEC /* SceneCanvasView.swift in Sources */,
				8DE08E5CAAE4E7C330F152E7 /* ScenePanelsView.swift in Sources */,
				5622E5524A9A99CAAD189605 /* SidebarView.swift in Sources */,
				F68C0F4108226FA72FB2FCB0 /* Theme.swift in Sources */,
			);
			runOnlyForDeploymentPostprocessing = 0;
		};
/* End PBXSourcesBuildPhase section */

/* Begin XCBuildConfiguration section */
		0EBDB9CA7B122592AAB0569A /* Release */ = {
			isa = XCBuildConfiguration;
			buildSettings = {
				ALWAYS_SEARCH_USER_PATHS = NO;
				ASSETCATALOG_COMPILER_APPICON_NAME = AppIcon;
				CURRENT_PROJECT_VERSION = 1;
				MACOSX_DEPLOYMENT_TARGET = 14.0;
				MARKETING_VERSION = 1.0;
				PRODUCT_BUNDLE_IDENTIFIER = com.example.movieblaze;
				PRODUCT_NAME = "movie-blaze";
				SDKROOT = macosx;
				SUPPORTED_PLATFORMS = macosx;
				SWIFT_VERSION = 5.0;
			};
			name = Release;
		};
		292ECBC65AF45975BA4B10E6 /* Release */ = {
			isa = XCBuildConfiguration;
			buildSettings = {
				CODE_SIGN_ENTITLEMENTS = "movie-blaze/movie-blaze.entitlements";
				INFOPLIST_FILE = "movie-blaze/Info.plist";
				MACOSX_DEPLOYMENT_TARGET = 14.0;
			};
			name = Release;
		};
		CB4EEEB842A3324960C39896 /* Debug */ = {
			isa = XCBuildConfiguration;
			buildSettings = {
				CODE_SIGN_ENTITLEMENTS = "movie-blaze/movie-blaze.entitlements";
				INFOPLIST_FILE = "movie-blaze/Info.plist";
				MACOSX_DEPLOYMENT_TARGET = 14.0;
			};
			name = Debug;
		};
		F4DEC332DA29F7D3BD0ACEBF /* Debug */ = {
			isa = XCBuildConfiguration;
			buildSettings = {
				ALWAYS_SEARCH_USER_PATHS = NO;
				ASSETCATALOG_COMPILER_APPICON_NAME = AppIcon;
				CURRENT_PROJECT_VERSION = 1;
				MACOSX_DEPLOYMENT_TARGET = 14.0;
				MARKETING_VERSION = 1.0;
				PRODUCT_BUNDLE_IDENTIFIER = com.example.movieblaze;
				PRODUCT_NAME = "movie-blaze";
				SDKROOT = macosx;
				SUPPORTED_PLATFORMS = macosx;
				SWIFT_VERSION = 5.0;
			};
			name = Debug;
		};
/* End XCBuildConfiguration section */

/* Begin XCConfigurationList section */
		5E8F21F90CD9499DA55E60B2 /* Build configuration list for PBXProject "movie-blaze" */ = {
			isa = XCConfigurationList;
			buildConfigurations = (
				F4DEC332DA29F7D3BD0ACEBF /* Debug */,
				0EBDB9CA7B122592AAB0569A /* Release */,
			);
			defaultConfigurationIsVisible = 0;
			defaultConfigurationName = Debug;
		};
		C49AC6099DC0CA15AF574EE4 /* Build configuration list for PBXNativeTarget "movie-blaze" */ = {
			isa = XCConfigurationList;
			buildConfigurations = (
				CB4EEEB842A3324960C39896 /* Debug */,
				292ECBC65AF45975BA4B10E6 /* Release */,
			);
			defaultConfigurationIsVisible = 0;
			defaultConfigurationName = Debug;
		};
/* End XCConfigurationList section */
	};
	rootObject = 484248222F5E5D9F816A9B6D /* Project object */;
}
